PODS:
  - RxCocoa (4.0.0-alpha.0):
    - RxSwift (~> 4.0.0-alpha.0)
  - RxSwift (4.0.0-alpha.0)

DEPENDENCIES:
  - RxCocoa (from `git@github.com:ReactiveX/RxSwift.git`, branch `swift4.0`)
  - RxSwift (from `git@github.com:ReactiveX/RxSwift.git`, branch `swift4.0`)

EXTERNAL SOURCES:
  RxCocoa:
    :branch: swift4.0
    :git: git@github.com:ReactiveX/RxSwift.git
  RxSwift:
    :branch: swift4.0
    :git: git@github.com:ReactiveX/RxSwift.git

CHECKOUT OPTIONS:
  RxCocoa:
    :commit: 9fc634c07a2842c93e483c1f5284b23dbb83d705
    :git: git@github.com:ReactiveX/RxSwift.git
  RxSwift:
    :commit: 9fc634c07a2842c93e483c1f5284b23dbb83d705
    :git: git@github.com:ReactiveX/RxSwift.git

SPEC CHECKSUMS:
  RxCocoa: d57cc4a5b88c5179b3ca7fe30d0ab0d928e886ff
  RxSwift: 6946957e4e99243ea7c9bba38afa06b1363b0048

PODFILE CHECKSUM: dd653991f55ded635124ebca59abede8af193ba5

COCOAPODS: 1.2.1
