PODS:
  - RxCocoa (2.2.0):
    - RxSwift (~> 2.2)
  - RxSwift (2.2.0)

DEPENDENCIES:
  - RxCocoa (~> 2.0)
  - RxSwift (~> 2.0)

SPEC CHECKSUMS:
  RxCocoa: 42efb7a7145a8d1d5878e94ce48a580d29e0c796
  RxSwift: b8a749f2204c6c7a5c29b306a9c3bc11d5b87c5b

PODFILE CHECKSUM: 0690f6c5e49b45876a70df8d8bd5d011ee043afc

COCOAPODS: 1.0.0.beta.3
