// !$*UTF8*$!
{
	archiveVersion = 1;
	classes = {
	};
	objectVersion = 46;
	objects = {

/* Begin PBXBuildFile section */
		0372690D1F5B96DC00F7259C /* NumberSection.swift in Sources */ = {isa = PBXBuildFile; fileRef = 03EEEE841F5B7D5C006068BC /* NumberSection.swift */; };
		0372690E1F5B96DF00F7259C /* Randomizer.swift in Sources */ = {isa = PBXBuildFile; fileRef = 03EEEE851F5B7D5C006068BC /* Randomizer.swift */; };
		03EEEE911F5B7D71006068BC /* AlgorithmTests.swift in Sources */ = {isa = PBXBuildFile; fileRef = 03EEEE7F1F5B7D5C006068BC /* AlgorithmTests.swift */; };
		03EEEE921F5B7D71006068BC /* Array+Extensions.swift in Sources */ = {isa = PBXBuildFile; fileRef = 03EEEE801F5B7D5C006068BC /* Array+Extensions.swift */; };
		03EEEE931F5B7D71006068BC /* ChangeSet+TestExtensions.swift in Sources */ = {isa = PBXBuildFile; fileRef = 03EEEE811F5B7D5C006068BC /* ChangeSet+TestExtensions.swift */; };
		03EEEE941F5B7D71006068BC /* i.swift in Sources */ = {isa = PBXBuildFile; fileRef = 03EEEE821F5B7D5C006068BC /* i.swift */; };
		03EEEE951F5B7D71006068BC /* NumberSection.swift in Sources */ = {isa = PBXBuildFile; fileRef = 03EEEE841F5B7D5C006068BC /* NumberSection.swift */; };
		03EEEE961F5B7D71006068BC /* Randomizer.swift in Sources */ = {isa = PBXBuildFile; fileRef = 03EEEE851F5B7D5C006068BC /* Randomizer.swift */; };
		03EEEE971F5B7D71006068BC /* s.swift in Sources */ = {isa = PBXBuildFile; fileRef = 03EEEE861F5B7D5C006068BC /* s.swift */; };
		03EEEE981F5B7D71006068BC /* XCTest+Extensions.swift in Sources */ = {isa = PBXBuildFile; fileRef = 03EEEE871F5B7D5C006068BC /* XCTest+Extensions.swift */; };
		845F61F41CCFD96800A8BE32 /* Example4_DifferentSectionAndItemTypes.swift in Sources */ = {isa = PBXBuildFile; fileRef = 845F61F31CCFD96800A8BE32 /* Example4_DifferentSectionAndItemTypes.swift */; };
		845F61F71CCFDE6A00A8BE32 /* ImageTitleTableViewCell.swift in Sources */ = {isa = PBXBuildFile; fileRef = 845F61F61CCFDE6A00A8BE32 /* ImageTitleTableViewCell.swift */; };
		845F61F91CCFDEA800A8BE32 /* TitleSwitchTableViewCell.swift in Sources */ = {isa = PBXBuildFile; fileRef = 845F61F81CCFDEA800A8BE32 /* TitleSwitchTableViewCell.swift */; };
		845F61FB1CCFDED600A8BE32 /* TitleSteperTableViewCell.swift in Sources */ = {isa = PBXBuildFile; fileRef = 845F61FA1CCFDED600A8BE32 /* TitleSteperTableViewCell.swift */; };
		845F61FD1CCFF63600A8BE32 /* UIKitExtensions.swift in Sources */ = {isa = PBXBuildFile; fileRef = 845F61FC1CCFF63600A8BE32 /* UIKitExtensions.swift */; };
		84FC6BEE1CA4830A00D3C605 /* Example3_TableViewEditing.swift in Sources */ = {isa = PBXBuildFile; fileRef = 84FC6BED1CA4830A00D3C605 /* Example3_TableViewEditing.swift */; };
		9FF3014E1C4AA6DA007376BD /* RxCocoa.framework in Frameworks */ = {isa = PBXBuildFile; fileRef = 9FF3014C1C4AA6DA007376BD /* RxCocoa.framework */; };
		9FF301501C4AA6DA007376BD /* RxSwift.framework in Frameworks */ = {isa = PBXBuildFile; fileRef = 9FF3014D1C4AA6DA007376BD /* RxSwift.framework */; };
		A5E035641F0BD55A00EA6BDE /* Example5_UIPickerView.swift in Sources */ = {isa = PBXBuildFile; fileRef = A5E035631F0BD55A00EA6BDE /* Example5_UIPickerView.swift */; };
		C8153A501CC6C2F40050C990 /* Example1_CustomizationUsingTableViewDelegate.swift in Sources */ = {isa = PBXBuildFile; fileRef = C8153A4F1CC6C2F40050C990 /* Example1_CustomizationUsingTableViewDelegate.swift */; };
		C81FBF461F3B9CED0094061E /* Differentiator.podspec in Resources */ = {isa = PBXBuildFile; fileRef = C81FBF451F3B9CED0094061E /* Differentiator.podspec */; };
		C81FBF5E1F3B9D660094061E /* Array+Extensions.swift in Sources */ = {isa = PBXBuildFile; fileRef = C81FBF5B1F3B9D4C0094061E /* Array+Extensions.swift */; };
		C81FBF601F3B9D8B0094061E /* FloatingPointType+IdentifiableType.swift in Sources */ = {isa = PBXBuildFile; fileRef = C81FBF5F1F3B9D8B0094061E /* FloatingPointType+IdentifiableType.swift */; };
		C81FBF631F3B9DC00094061E /* IntegerType+IdentifiableType.swift in Sources */ = {isa = PBXBuildFile; fileRef = C81FBF611F3B9DC00094061E /* IntegerType+IdentifiableType.swift */; };
		C81FBF641F3B9DC00094061E /* String+IdentifiableType.swift in Sources */ = {isa = PBXBuildFile; fileRef = C81FBF621F3B9DC00094061E /* String+IdentifiableType.swift */; };
		C81FBF661F3B9DF60094061E /* AnimationConfiguration.swift in Sources */ = {isa = PBXBuildFile; fileRef = C81FBF651F3B9DF60094061E /* AnimationConfiguration.swift */; };
		C82C3C5B1F3B937500309AE8 /* Differentiator.framework in Frameworks */ = {isa = PBXBuildFile; fileRef = C82C3C541F3B937500309AE8 /* Differentiator.framework */; };
		C82C3C5C1F3B937500309AE8 /* Differentiator.framework in Embed Frameworks */ = {isa = PBXBuildFile; fileRef = C82C3C541F3B937500309AE8 /* Differentiator.framework */; settings = {ATTRIBUTES = (CodeSignOnCopy, RemoveHeadersOnCopy, ); }; };
		C82C3C871F3B939100309AE8 /* AnimatableSectionModel.swift in Sources */ = {isa = PBXBuildFile; fileRef = C82C3C611F3B938C00309AE8 /* AnimatableSectionModel.swift */; };
		C82C3C881F3B939100309AE8 /* AnimatableSectionModelType+ItemPath.swift in Sources */ = {isa = PBXBuildFile; fileRef = C82C3C621F3B938C00309AE8 /* AnimatableSectionModelType+ItemPath.swift */; };
		C82C3C891F3B939100309AE8 /* AnimatableSectionModelType.swift in Sources */ = {isa = PBXBuildFile; fileRef = C82C3C631F3B938C00309AE8 /* AnimatableSectionModelType.swift */; };
		C82C3C8C1F3B939100309AE8 /* Changeset.swift in Sources */ = {isa = PBXBuildFile; fileRef = C82C3C661F3B938C00309AE8 /* Changeset.swift */; };
		C82C3C8D1F3B939100309AE8 /* Diff.swift in Sources */ = {isa = PBXBuildFile; fileRef = C82C3C671F3B938C00309AE8 /* Diff.swift */; };
		C82C3C8E1F3B939100309AE8 /* Differentiator.h in Headers */ = {isa = PBXBuildFile; fileRef = C82C3C681F3B938C00309AE8 /* Differentiator.h */; settings = {ATTRIBUTES = (Public, ); }; };
		C82C3C901F3B939100309AE8 /* IdentifiableType.swift in Sources */ = {isa = PBXBuildFile; fileRef = C82C3C6A1F3B938C00309AE8 /* IdentifiableType.swift */; };
		C82C3C911F3B939100309AE8 /* IdentifiableValue.swift in Sources */ = {isa = PBXBuildFile; fileRef = C82C3C6B1F3B938C00309AE8 /* IdentifiableValue.swift */; };
		C82C3C941F3B939100309AE8 /* ItemPath.swift in Sources */ = {isa = PBXBuildFile; fileRef = C82C3C6E1F3B938C00309AE8 /* ItemPath.swift */; };
		C82C3C951F3B939100309AE8 /* Optional+Extensions.swift in Sources */ = {isa = PBXBuildFile; fileRef = C82C3C6F1F3B938C00309AE8 /* Optional+Extensions.swift */; };
		C82C3C961F3B939100309AE8 /* SectionModel.swift in Sources */ = {isa = PBXBuildFile; fileRef = C82C3C701F3B938C00309AE8 /* SectionModel.swift */; };
		C82C3C971F3B939100309AE8 /* SectionModelType.swift in Sources */ = {isa = PBXBuildFile; fileRef = C82C3C711F3B938C00309AE8 /* SectionModelType.swift */; };
		C82C3C991F3B939100309AE8 /* Utilities.swift in Sources */ = {isa = PBXBuildFile; fileRef = C82C3C731F3B938C00309AE8 /* Utilities.swift */; };
		C833338D1F8A5FAC00D46EAE /* Deprecated.swift in Sources */ = {isa = PBXBuildFile; fileRef = C833338C1F8A5FAC00D46EAE /* Deprecated.swift */; };
		C87C34991F363B1400DB85FE /* RxSwift.framework in Frameworks */ = {isa = PBXBuildFile; fileRef = C87C34321F36346A00DB85FE /* RxSwift.framework */; };
		C87C349A1F363B1400DB85FE /* RxSwift.framework in Embed Frameworks */ = {isa = PBXBuildFile; fileRef = C87C34321F36346A00DB85FE /* RxSwift.framework */; settings = {ATTRIBUTES = (CodeSignOnCopy, RemoveHeadersOnCopy, ); }; };
		C87C349D1F363B1400DB85FE /* RxCocoa.framework in Frameworks */ = {isa = PBXBuildFile; fileRef = C87C343A1F36346A00DB85FE /* RxCocoa.framework */; };
		C87C349E1F363B1400DB85FE /* RxCocoa.framework in Embed Frameworks */ = {isa = PBXBuildFile; fileRef = C87C343A1F36346A00DB85FE /* RxCocoa.framework */; settings = {ATTRIBUTES = (CodeSignOnCopy, RemoveHeadersOnCopy, ); }; };
		C87C34A21F363B3000DB85FE /* RxDataSources.framework in Frameworks */ = {isa = PBXBuildFile; fileRef = C8984C5A1C36AF35001E4272 /* RxDataSources.framework */; };
		C87C34A31F363B3000DB85FE /* RxDataSources.framework in Embed Frameworks */ = {isa = PBXBuildFile; fileRef = C8984C5A1C36AF35001E4272 /* RxDataSources.framework */; settings = {ATTRIBUTES = (CodeSignOnCopy, RemoveHeadersOnCopy, ); }; };
		C87DF3461D0219A7006308C5 /* AppDelegate.swift in Sources */ = {isa = PBXBuildFile; fileRef = C87DF3431D0219A7006308C5 /* AppDelegate.swift */; };
		C8984CA01C36B6FA001E4272 /* Example2_RandomizedSectionsAnimation.swift in Sources */ = {isa = PBXBuildFile; fileRef = C8984C9F1C36B6FA001E4272 /* Example2_RandomizedSectionsAnimation.swift */; };
		C8984CA31C36B6FA001E4272 /* Main.storyboard in Resources */ = {isa = PBXBuildFile; fileRef = C8984CA11C36B6FA001E4272 /* Main.storyboard */; };
		C8984CA51C36B6FA001E4272 /* Assets.xcassets in Resources */ = {isa = PBXBuildFile; fileRef = C8984CA41C36B6FA001E4272 /* Assets.xcassets */; };
		C8984CA81C36B6FA001E4272 /* LaunchScreen.storyboard in Resources */ = {isa = PBXBuildFile; fileRef = C8984CA61C36B6FA001E4272 /* LaunchScreen.storyboard */; };
		C8984CB41C36B723001E4272 /* ExampleUITests.swift in Sources */ = {isa = PBXBuildFile; fileRef = C8984CB31C36B723001E4272 /* ExampleUITests.swift */; };
		C8B4386A1F3BA49F00B6A80B /* CHANGELOG.md in Resources */ = {isa = PBXBuildFile; fileRef = C8B438561F3BA49F00B6A80B /* CHANGELOG.md */; };
		C8BBFBD71F3B8F8D00A225F7 /* CollectionViewSectionedDataSource.swift in Sources */ = {isa = PBXBuildFile; fileRef = C8BBFBCC1F3B8F8D00A225F7 /* CollectionViewSectionedDataSource.swift */; };
		C8BBFBD81F3B8F8D00A225F7 /* DataSources.swift in Sources */ = {isa = PBXBuildFile; fileRef = C8BBFBCD1F3B8F8D00A225F7 /* DataSources.swift */; };
		C8BBFBDA1F3B8F8D00A225F7 /* RxCollectionViewSectionedAnimatedDataSource.swift in Sources */ = {isa = PBXBuildFile; fileRef = C8BBFBCF1F3B8F8D00A225F7 /* RxCollectionViewSectionedAnimatedDataSource.swift */; };
		C8BBFBDB1F3B8F8D00A225F7 /* RxCollectionViewSectionedReloadDataSource.swift in Sources */ = {isa = PBXBuildFile; fileRef = C8BBFBD01F3B8F8D00A225F7 /* RxCollectionViewSectionedReloadDataSource.swift */; };
		C8BBFBDC1F3B8F8D00A225F7 /* RxDataSources.h in Headers */ = {isa = PBXBuildFile; fileRef = C8BBFBD11F3B8F8D00A225F7 /* RxDataSources.h */; settings = {ATTRIBUTES = (Public, ); }; };
		C8BBFBDD1F3B8F8D00A225F7 /* RxPickerViewAdapter.swift in Sources */ = {isa = PBXBuildFile; fileRef = C8BBFBD21F3B8F8D00A225F7 /* RxPickerViewAdapter.swift */; };
		C8BBFBDE1F3B8F8D00A225F7 /* RxTableViewSectionedAnimatedDataSource.swift in Sources */ = {isa = PBXBuildFile; fileRef = C8BBFBD31F3B8F8D00A225F7 /* RxTableViewSectionedAnimatedDataSource.swift */; };
		C8BBFBDF1F3B8F8D00A225F7 /* RxTableViewSectionedReloadDataSource.swift in Sources */ = {isa = PBXBuildFile; fileRef = C8BBFBD41F3B8F8D00A225F7 /* RxTableViewSectionedReloadDataSource.swift */; };
		C8BBFBE01F3B8F8D00A225F7 /* TableViewSectionedDataSource.swift in Sources */ = {isa = PBXBuildFile; fileRef = C8BBFBD51F3B8F8D00A225F7 /* TableViewSectionedDataSource.swift */; };
		C8BBFBE11F3B8F8D00A225F7 /* UI+SectionedViewType.swift in Sources */ = {isa = PBXBuildFile; fileRef = C8BBFBD61F3B8F8D00A225F7 /* UI+SectionedViewType.swift */; };
		C8E3905A1F36625B004FC993 /* RxDataSources.framework in Frameworks */ = {isa = PBXBuildFile; fileRef = C8984C5A1C36AF35001E4272 /* RxDataSources.framework */; };
/* End PBXBuildFile section */

/* Begin PBXContainerItemProxy section */
		C82C3C591F3B937500309AE8 /* PBXContainerItemProxy */ = {
			isa = PBXContainerItemProxy;
			containerPortal = C8984C511C36AF35001E4272 /* Project object */;
			proxyType = 1;
			remoteGlobalIDString = C82C3C531F3B937500309AE8;
			remoteInfo = Differentiator;
		};
		C82C3C9A1F3B93D200309AE8 /* PBXContainerItemProxy */ = {
			isa = PBXContainerItemProxy;
			containerPortal = C8984C511C36AF35001E4272 /* Project object */;
			proxyType = 1;
			remoteGlobalIDString = C82C3C531F3B937500309AE8;
			remoteInfo = Differentiator;
		};
		C82C3C9C1F3B93D900309AE8 /* PBXContainerItemProxy */ = {
			isa = PBXContainerItemProxy;
			containerPortal = C8984C511C36AF35001E4272 /* Project object */;
			proxyType = 1;
			remoteGlobalIDString = C87C345C1F36352600DB85FE;
			remoteInfo = Dependencies;
		};
		C85CB0C41F4349E6005CE91A /* PBXContainerItemProxy */ = {
			isa = PBXContainerItemProxy;
			containerPortal = C8984C511C36AF35001E4272 /* Project object */;
			proxyType = 1;
			remoteGlobalIDString = C87C345C1F36352600DB85FE;
			remoteInfo = Dependencies;
		};
		C85CB0C61F434A80005CE91A /* PBXContainerItemProxy */ = {
			isa = PBXContainerItemProxy;
			containerPortal = C8984C511C36AF35001E4272 /* Project object */;
			proxyType = 1;
			remoteGlobalIDString = C87C345C1F36352600DB85FE;
			remoteInfo = Dependencies;
		};
		C85CB0C81F434A83005CE91A /* PBXContainerItemProxy */ = {
			isa = PBXContainerItemProxy;
			containerPortal = C8984C511C36AF35001E4272 /* Project object */;
			proxyType = 1;
			remoteGlobalIDString = C87C345C1F36352600DB85FE;
			remoteInfo = Dependencies;
		};
		C87C34311F36346A00DB85FE /* PBXContainerItemProxy */ = {
			isa = PBXContainerItemProxy;
			containerPortal = C87C34191F36346A00DB85FE /* Rx.xcodeproj */;
			proxyType = 2;
			remoteGlobalIDString = C8A56AD71AD7424700B4673B;
			remoteInfo = "RxSwift-iOS";
		};
		C87C34331F36346A00DB85FE /* PBXContainerItemProxy */ = {
			isa = PBXContainerItemProxy;
			containerPortal = C87C34191F36346A00DB85FE /* Rx.xcodeproj */;
			proxyType = 2;
			remoteGlobalIDString = C88BB8711B07E5ED0064D411;
			remoteInfo = "RxSwift-macOS";
		};
		C87C34351F36346A00DB85FE /* PBXContainerItemProxy */ = {
			isa = PBXContainerItemProxy;
			containerPortal = C87C34191F36346A00DB85FE /* Rx.xcodeproj */;
			proxyType = 2;
			remoteGlobalIDString = D2EA280C1BB9B5A200880ED3;
			remoteInfo = "RxSwift-tvOS";
		};
		C87C34371F36346A00DB85FE /* PBXContainerItemProxy */ = {
			isa = PBXContainerItemProxy;
			containerPortal = C87C34191F36346A00DB85FE /* Rx.xcodeproj */;
			proxyType = 2;
			remoteGlobalIDString = C8F0C0021BBBFB8B001B112F;
			remoteInfo = "RxSwift-watchOS";
		};
		C87C34391F36346A00DB85FE /* PBXContainerItemProxy */ = {
			isa = PBXContainerItemProxy;
			containerPortal = C87C34191F36346A00DB85FE /* Rx.xcodeproj */;
			proxyType = 2;
			remoteGlobalIDString = C809396D1B8A71760088E94D;
			remoteInfo = "RxCocoa-iOS";
		};
		C87C343B1F36346A00DB85FE /* PBXContainerItemProxy */ = {
			isa = PBXContainerItemProxy;
			containerPortal = C87C34191F36346A00DB85FE /* Rx.xcodeproj */;
			proxyType = 2;
			remoteGlobalIDString = C80939E71B8A71840088E94D;
			remoteInfo = "RxCocoa-macOS";
		};
		C87C343D1F36346A00DB85FE /* PBXContainerItemProxy */ = {
			isa = PBXContainerItemProxy;
			containerPortal = C87C34191F36346A00DB85FE /* Rx.xcodeproj */;
			proxyType = 2;
			remoteGlobalIDString = D2138C751BB9BE9800339B5C;
			remoteInfo = "RxCocoa-tvOS";
		};
		C87C343F1F36346A00DB85FE /* PBXContainerItemProxy */ = {
			isa = PBXContainerItemProxy;
			containerPortal = C87C34191F36346A00DB85FE /* Rx.xcodeproj */;
			proxyType = 2;
			remoteGlobalIDString = C8F0C04B1BBBFBB9001B112F;
			remoteInfo = "RxCocoa-watchOS";
		};
		C87C34411F36346A00DB85FE /* PBXContainerItemProxy */ = {
			isa = PBXContainerItemProxy;
			containerPortal = C87C34191F36346A00DB85FE /* Rx.xcodeproj */;
			proxyType = 2;
			remoteGlobalIDString = C8093BC71B8A71F00088E94D;
			remoteInfo = "RxBlocking-iOS";
		};
		C87C34431F36346A00DB85FE /* PBXContainerItemProxy */ = {
			isa = PBXContainerItemProxy;
			containerPortal = C87C34191F36346A00DB85FE /* Rx.xcodeproj */;
			proxyType = 2;
			remoteGlobalIDString = C8093C451B8A71FC0088E94D;
			remoteInfo = "RxBlocking-macOS";
		};
		C87C34451F36346A00DB85FE /* PBXContainerItemProxy */ = {
			isa = PBXContainerItemProxy;
			containerPortal = C87C34191F36346A00DB85FE /* Rx.xcodeproj */;
			proxyType = 2;
			remoteGlobalIDString = D2EBEB811BB9B99D003A27DC;
			remoteInfo = "RxBlocking-tvOS";
		};
		C87C34471F36346A00DB85FE /* PBXContainerItemProxy */ = {
			isa = PBXContainerItemProxy;
			containerPortal = C87C34191F36346A00DB85FE /* Rx.xcodeproj */;
			proxyType = 2;
			remoteGlobalIDString = C8F0C0581BBBFBCE001B112F;
			remoteInfo = "RxBlocking-watchOS";
		};
		C87C34491F36346A00DB85FE /* PBXContainerItemProxy */ = {
			isa = PBXContainerItemProxy;
			containerPortal = C87C34191F36346A00DB85FE /* Rx.xcodeproj */;
			proxyType = 2;
			remoteGlobalIDString = C88FA50C1C25C44800CCFEA4;
			remoteInfo = "RxTest-iOS";
		};
		C87C344B1F36346A00DB85FE /* PBXContainerItemProxy */ = {
			isa = PBXContainerItemProxy;
			containerPortal = C87C34191F36346A00DB85FE /* Rx.xcodeproj */;
			proxyType = 2;
			remoteGlobalIDString = C88FA51D1C25C4B500CCFEA4;
			remoteInfo = "RxTest-macOS";
		};
		C87C344D1F36346A00DB85FE /* PBXContainerItemProxy */ = {
			isa = PBXContainerItemProxy;
			containerPortal = C87C34191F36346A00DB85FE /* Rx.xcodeproj */;
			proxyType = 2;
			remoteGlobalIDString = C88FA52E1C25C4C000CCFEA4;
			remoteInfo = "RxTest-tvOS";
		};
		C87C344F1F36346A00DB85FE /* PBXContainerItemProxy */ = {
			isa = PBXContainerItemProxy;
			containerPortal = C87C34191F36346A00DB85FE /* Rx.xcodeproj */;
			proxyType = 2;
			remoteGlobalIDString = C88FA53F1C25C4CC00CCFEA4;
			remoteInfo = "RxTest-watchOS";
		};
		C87C34511F36346A00DB85FE /* PBXContainerItemProxy */ = {
			isa = PBXContainerItemProxy;
			containerPortal = C87C34191F36346A00DB85FE /* Rx.xcodeproj */;
			proxyType = 2;
			remoteGlobalIDString = C83508C31C386F6F0027C24C;
			remoteInfo = "AllTests-iOS";
		};
		C87C34531F36346A00DB85FE /* PBXContainerItemProxy */ = {
			isa = PBXContainerItemProxy;
			containerPortal = C87C34191F36346A00DB85FE /* Rx.xcodeproj */;
			proxyType = 2;
			remoteGlobalIDString = C83509841C38740E0027C24C;
			remoteInfo = "AllTests-tvOS";
		};
		C87C34551F36346A00DB85FE /* PBXContainerItemProxy */ = {
			isa = PBXContainerItemProxy;
			containerPortal = C87C34191F36346A00DB85FE /* Rx.xcodeproj */;
			proxyType = 2;
			remoteGlobalIDString = C83509941C38742C0027C24C;
			remoteInfo = "AllTests-macOS";
		};
		C87C34571F36346A00DB85FE /* PBXContainerItemProxy */ = {
			isa = PBXContainerItemProxy;
			containerPortal = C87C34191F36346A00DB85FE /* Rx.xcodeproj */;
			proxyType = 2;
			remoteGlobalIDString = C85BA04B1C3878740075D68E;
			remoteInfo = Microoptimizations;
		};
		C87C34591F36346A00DB85FE /* PBXContainerItemProxy */ = {
			isa = PBXContainerItemProxy;
			containerPortal = C87C34191F36346A00DB85FE /* Rx.xcodeproj */;
			proxyType = 2;
			remoteGlobalIDString = C8E8BA551E2C181A00A4AC2C;
			remoteInfo = Benchmarks;
		};
		C87C34601F36353300DB85FE /* PBXContainerItemProxy */ = {
			isa = PBXContainerItemProxy;
			containerPortal = C8984C511C36AF35001E4272 /* Project object */;
			proxyType = 1;
			remoteGlobalIDString = C87C345C1F36352600DB85FE;
			remoteInfo = Dependencies;
		};
		C87C34641F36353B00DB85FE /* PBXContainerItemProxy */ = {
			isa = PBXContainerItemProxy;
			containerPortal = C8984C511C36AF35001E4272 /* Project object */;
			proxyType = 1;
			remoteGlobalIDString = C8984C591C36AF35001E4272;
			remoteInfo = "RxDataSources-iOS";
		};
		C87C349B1F363B1400DB85FE /* PBXContainerItemProxy */ = {
			isa = PBXContainerItemProxy;
			containerPortal = C87C34191F36346A00DB85FE /* Rx.xcodeproj */;
			proxyType = 1;
			remoteGlobalIDString = C8A56AD61AD7424700B4673B;
			remoteInfo = "RxSwift-iOS";
		};
		C87C349F1F363B1400DB85FE /* PBXContainerItemProxy */ = {
			isa = PBXContainerItemProxy;
			containerPortal = C87C34191F36346A00DB85FE /* Rx.xcodeproj */;
			proxyType = 1;
			remoteGlobalIDString = C80938F51B8A71760088E94D;
			remoteInfo = "RxCocoa-iOS";
		};
		C8984CB61C36B723001E4272 /* PBXContainerItemProxy */ = {
			isa = PBXContainerItemProxy;
			containerPortal = C8984C511C36AF35001E4272 /* Project object */;
			proxyType = 1;
			remoteGlobalIDString = C8984C9A1C36B6FA001E4272;
			remoteInfo = Example;
		};
/* End PBXContainerItemProxy section */

/* Begin PBXCopyFilesBuildPhase section */
		C87C34A11F363B1400DB85FE /* Embed Frameworks */ = {
			isa = PBXCopyFilesBuildPhase;
			buildActionMask = 2147483647;
			dstPath = "";
			dstSubfolderSpec = 10;
			files = (
				C87C34A31F363B3000DB85FE /* RxDataSources.framework in Embed Frameworks */,
				C87C349E1F363B1400DB85FE /* RxCocoa.framework in Embed Frameworks */,
				C82C3C5C1F3B937500309AE8 /* Differentiator.framework in Embed Frameworks */,
				C87C349A1F363B1400DB85FE /* RxSwift.framework in Embed Frameworks */,
			);
			name = "Embed Frameworks";
			runOnlyForDeploymentPostprocessing = 0;
		};
/* End PBXCopyFilesBuildPhase section */

/* Begin PBXFileReference section */
		03EEEE7F1F5B7D5C006068BC /* AlgorithmTests.swift */ = {isa = PBXFileReference; fileEncoding = 4; lastKnownFileType = sourcecode.swift; path = AlgorithmTests.swift; sourceTree = "<group>"; };
		03EEEE801F5B7D5C006068BC /* Array+Extensions.swift */ = {isa = PBXFileReference; fileEncoding = 4; lastKnownFileType = sourcecode.swift; path = "Array+Extensions.swift"; sourceTree = "<group>"; };
		03EEEE811F5B7D5C006068BC /* ChangeSet+TestExtensions.swift */ = {isa = PBXFileReference; fileEncoding = 4; lastKnownFileType = sourcecode.swift; path = "ChangeSet+TestExtensions.swift"; sourceTree = "<group>"; };
		03EEEE821F5B7D5C006068BC /* i.swift */ = {isa = PBXFileReference; fileEncoding = 4; lastKnownFileType = sourcecode.swift; path = i.swift; sourceTree = "<group>"; };
		03EEEE831F5B7D5C006068BC /* Info.plist */ = {isa = PBXFileReference; fileEncoding = 4; lastKnownFileType = text.plist.xml; path = Info.plist; sourceTree = "<group>"; };
		03EEEE841F5B7D5C006068BC /* NumberSection.swift */ = {isa = PBXFileReference; fileEncoding = 4; lastKnownFileType = sourcecode.swift; path = NumberSection.swift; sourceTree = "<group>"; };
		03EEEE851F5B7D5C006068BC /* Randomizer.swift */ = {isa = PBXFileReference; fileEncoding = 4; lastKnownFileType = sourcecode.swift; path = Randomizer.swift; sourceTree = "<group>"; };
		03EEEE861F5B7D5C006068BC /* s.swift */ = {isa = PBXFileReference; fileEncoding = 4; lastKnownFileType = sourcecode.swift; path = s.swift; sourceTree = "<group>"; };
		03EEEE871F5B7D5C006068BC /* XCTest+Extensions.swift */ = {isa = PBXFileReference; fileEncoding = 4; lastKnownFileType = sourcecode.swift; path = "XCTest+Extensions.swift"; sourceTree = "<group>"; };
		2F74935B588353100399C29D /* Pods_Example.framework */ = {isa = PBXFileReference; explicitFileType = wrapper.framework; includeInIndex = 0; path = Pods_Example.framework; sourceTree = BUILT_PRODUCTS_DIR; };
		845F61F31CCFD96800A8BE32 /* Example4_DifferentSectionAndItemTypes.swift */ = {isa = PBXFileReference; fileEncoding = 4; lastKnownFileType = sourcecode.swift; path = Example4_DifferentSectionAndItemTypes.swift; sourceTree = "<group>"; };
		845F61F61CCFDE6A00A8BE32 /* ImageTitleTableViewCell.swift */ = {isa = PBXFileReference; fileEncoding = 4; lastKnownFileType = sourcecode.swift; path = ImageTitleTableViewCell.swift; sourceTree = "<group>"; };
		845F61F81CCFDEA800A8BE32 /* TitleSwitchTableViewCell.swift */ = {isa = PBXFileReference; fileEncoding = 4; lastKnownFileType = sourcecode.swift; path = TitleSwitchTableViewCell.swift; sourceTree = "<group>"; };
		845F61FA1CCFDED600A8BE32 /* TitleSteperTableViewCell.swift */ = {isa = PBXFileReference; fileEncoding = 4; lastKnownFileType = sourcecode.swift; path = TitleSteperTableViewCell.swift; sourceTree = "<group>"; };
		845F61FC1CCFF63600A8BE32 /* UIKitExtensions.swift */ = {isa = PBXFileReference; fileEncoding = 4; lastKnownFileType = sourcecode.swift; path = UIKitExtensions.swift; sourceTree = "<group>"; };
		84FC6BED1CA4830A00D3C605 /* Example3_TableViewEditing.swift */ = {isa = PBXFileReference; fileEncoding = 4; lastKnownFileType = sourcecode.swift; path = Example3_TableViewEditing.swift; sourceTree = "<group>"; };
		9FF301481C4AA6D1007376BD /* RxCocoa.framework */ = {isa = PBXFileReference; lastKnownFileType = wrapper.framework; name = RxCocoa.framework; path = Carthage/Build/tvOS/RxCocoa.framework; sourceTree = "<group>"; };
		9FF301491C4AA6D1007376BD /* RxSwift.framework */ = {isa = PBXFileReference; lastKnownFileType = wrapper.framework; name = RxSwift.framework; path = Carthage/Build/tvOS/RxSwift.framework; sourceTree = "<group>"; };
		9FF3014C1C4AA6DA007376BD /* RxCocoa.framework */ = {isa = PBXFileReference; lastKnownFileType = wrapper.framework; name = RxCocoa.framework; path = Carthage/Build/iOS/RxCocoa.framework; sourceTree = "<group>"; };
		9FF3014D1C4AA6DA007376BD /* RxSwift.framework */ = {isa = PBXFileReference; lastKnownFileType = wrapper.framework; name = RxSwift.framework; path = Carthage/Build/iOS/RxSwift.framework; sourceTree = "<group>"; };
		A5E035631F0BD55A00EA6BDE /* Example5_UIPickerView.swift */ = {isa = PBXFileReference; fileEncoding = 4; lastKnownFileType = sourcecode.swift; path = Example5_UIPickerView.swift; sourceTree = "<group>"; };
		A66428182C504F0369D6A3F2 /* Pods.framework */ = {isa = PBXFileReference; explicitFileType = wrapper.framework; includeInIndex = 0; path = Pods.framework; sourceTree = BUILT_PRODUCTS_DIR; };
		C8153A4F1CC6C2F40050C990 /* Example1_CustomizationUsingTableViewDelegate.swift */ = {isa = PBXFileReference; fileEncoding = 4; lastKnownFileType = sourcecode.swift; path = Example1_CustomizationUsingTableViewDelegate.swift; sourceTree = "<group>"; };
		C81905AE1DEA019100AE679C /* Tests.xctest */ = {isa = PBXFileReference; explicitFileType = wrapper.cfbundle; includeInIndex = 0; path = Tests.xctest; sourceTree = BUILT_PRODUCTS_DIR; };
		C81FBF451F3B9CED0094061E /* Differentiator.podspec */ = {isa = PBXFileReference; fileEncoding = 4; lastKnownFileType = text; path = Differentiator.podspec; sourceTree = "<group>"; };
		C81FBF5B1F3B9D4C0094061E /* Array+Extensions.swift */ = {isa = PBXFileReference; fileEncoding = 4; lastKnownFileType = sourcecode.swift; path = "Array+Extensions.swift"; sourceTree = "<group>"; };
		C81FBF5F1F3B9D8B0094061E /* FloatingPointType+IdentifiableType.swift */ = {isa = PBXFileReference; fileEncoding = 4; lastKnownFileType = sourcecode.swift; path = "FloatingPointType+IdentifiableType.swift"; sourceTree = "<group>"; };
		C81FBF611F3B9DC00094061E /* IntegerType+IdentifiableType.swift */ = {isa = PBXFileReference; fileEncoding = 4; lastKnownFileType = sourcecode.swift; path = "IntegerType+IdentifiableType.swift"; sourceTree = "<group>"; };
		C81FBF621F3B9DC00094061E /* String+IdentifiableType.swift */ = {isa = PBXFileReference; fileEncoding = 4; lastKnownFileType = sourcecode.swift; path = "String+IdentifiableType.swift"; sourceTree = "<group>"; };
		C81FBF651F3B9DF60094061E /* AnimationConfiguration.swift */ = {isa = PBXFileReference; fileEncoding = 4; lastKnownFileType = sourcecode.swift; path = AnimationConfiguration.swift; sourceTree = "<group>"; };
		C82541851F363C76009F6C03 /* dependencies.sh */ = {isa = PBXFileReference; lastKnownFileType = text.script.sh; path = dependencies.sh; sourceTree = "<group>"; };
		C82C3C541F3B937500309AE8 /* Differentiator.framework */ = {isa = PBXFileReference; explicitFileType = wrapper.framework; includeInIndex = 0; path = Differentiator.framework; sourceTree = BUILT_PRODUCTS_DIR; };
		C82C3C611F3B938C00309AE8 /* AnimatableSectionModel.swift */ = {isa = PBXFileReference; fileEncoding = 4; lastKnownFileType = sourcecode.swift; path = AnimatableSectionModel.swift; sourceTree = "<group>"; };
		C82C3C621F3B938C00309AE8 /* AnimatableSectionModelType+ItemPath.swift */ = {isa = PBXFileReference; fileEncoding = 4; lastKnownFileType = sourcecode.swift; path = "AnimatableSectionModelType+ItemPath.swift"; sourceTree = "<group>"; };
		C82C3C631F3B938C00309AE8 /* AnimatableSectionModelType.swift */ = {isa = PBXFileReference; fileEncoding = 4; lastKnownFileType = sourcecode.swift; path = AnimatableSectionModelType.swift; sourceTree = "<group>"; };
		C82C3C661F3B938C00309AE8 /* Changeset.swift */ = {isa = PBXFileReference; fileEncoding = 4; lastKnownFileType = sourcecode.swift; path = Changeset.swift; sourceTree = "<group>"; };
		C82C3C671F3B938C00309AE8 /* Diff.swift */ = {isa = PBXFileReference; fileEncoding = 4; lastKnownFileType = sourcecode.swift; path = Diff.swift; sourceTree = "<group>"; };
		C82C3C681F3B938C00309AE8 /* Differentiator.h */ = {isa = PBXFileReference; fileEncoding = 4; lastKnownFileType = sourcecode.c.h; path = Differentiator.h; sourceTree = "<group>"; };
		C82C3C6A1F3B938C00309AE8 /* IdentifiableType.swift */ = {isa = PBXFileReference; fileEncoding = 4; lastKnownFileType = sourcecode.swift; path = IdentifiableType.swift; sourceTree = "<group>"; };
		C82C3C6B1F3B938C00309AE8 /* IdentifiableValue.swift */ = {isa = PBXFileReference; fileEncoding = 4; lastKnownFileType = sourcecode.swift; path = IdentifiableValue.swift; sourceTree = "<group>"; };
		C82C3C6C1F3B938C00309AE8 /* Info.plist */ = {isa = PBXFileReference; fileEncoding = 4; lastKnownFileType = text.plist.xml; path = Info.plist; sourceTree = "<group>"; };
		C82C3C6E1F3B938C00309AE8 /* ItemPath.swift */ = {isa = PBXFileReference; fileEncoding = 4; lastKnownFileType = sourcecode.swift; path = ItemPath.swift; sourceTree = "<group>"; };
		C82C3C6F1F3B938C00309AE8 /* Optional+Extensions.swift */ = {isa = PBXFileReference; fileEncoding = 4; lastKnownFileType = sourcecode.swift; path = "Optional+Extensions.swift"; sourceTree = "<group>"; };
		C82C3C701F3B938C00309AE8 /* SectionModel.swift */ = {isa = PBXFileReference; fileEncoding = 4; lastKnownFileType = sourcecode.swift; path = SectionModel.swift; sourceTree = "<group>"; };
		C82C3C711F3B938C00309AE8 /* SectionModelType.swift */ = {isa = PBXFileReference; fileEncoding = 4; lastKnownFileType = sourcecode.swift; path = SectionModelType.swift; sourceTree = "<group>"; };
		C82C3C731F3B938C00309AE8 /* Utilities.swift */ = {isa = PBXFileReference; fileEncoding = 4; lastKnownFileType = sourcecode.swift; path = Utilities.swift; sourceTree = "<group>"; };
		C833338C1F8A5FAC00D46EAE /* Deprecated.swift */ = {isa = PBXFileReference; lastKnownFileType = sourcecode.swift; path = Deprecated.swift; sourceTree = "<group>"; };
		C861C0F01E153FC400BEDC46 /* RxDataSources.podspec */ = {isa = PBXFileReference; fileEncoding = 4; lastKnownFileType = text; path = RxDataSources.podspec; sourceTree = "<group>"; };
		C87C34191F36346A00DB85FE /* Rx.xcodeproj */ = {isa = PBXFileReference; lastKnownFileType = "wrapper.pb-project"; name = Rx.xcodeproj; path = RxSwift/Rx.xcodeproj; sourceTree = "<group>"; };
		C87DF3431D0219A7006308C5 /* AppDelegate.swift */ = {isa = PBXFileReference; fileEncoding = 4; lastKnownFileType = sourcecode.swift; path = AppDelegate.swift; sourceTree = "<group>"; };
		C8984C5A1C36AF35001E4272 /* RxDataSources.framework */ = {isa = PBXFileReference; explicitFileType = wrapper.framework; includeInIndex = 0; path = RxDataSources.framework; sourceTree = BUILT_PRODUCTS_DIR; };
		C8984C9B1C36B6FA001E4272 /* Example.app */ = {isa = PBXFileReference; explicitFileType = wrapper.application; includeInIndex = 0; path = Example.app; sourceTree = BUILT_PRODUCTS_DIR; };
		C8984C9F1C36B6FA001E4272 /* Example2_RandomizedSectionsAnimation.swift */ = {isa = PBXFileReference; lastKnownFileType = sourcecode.swift; path = Example2_RandomizedSectionsAnimation.swift; sourceTree = "<group>"; };
		C8984CA21C36B6FA001E4272 /* Base */ = {isa = PBXFileReference; lastKnownFileType = file.storyboard; name = Base; path = Base.lproj/Main.storyboard; sourceTree = "<group>"; };
		C8984CA41C36B6FA001E4272 /* Assets.xcassets */ = {isa = PBXFileReference; lastKnownFileType = folder.assetcatalog; path = Assets.xcassets; sourceTree = "<group>"; };
		C8984CA71C36B6FA001E4272 /* Base */ = {isa = PBXFileReference; lastKnownFileType = file.storyboard; name = Base; path = Base.lproj/LaunchScreen.storyboard; sourceTree = "<group>"; };
		C8984CA91C36B6FA001E4272 /* Info.plist */ = {isa = PBXFileReference; lastKnownFileType = text.plist.xml; path = Info.plist; sourceTree = "<group>"; };
		C8984CB11C36B723001E4272 /* ExampleUITests.xctest */ = {isa = PBXFileReference; explicitFileType = wrapper.cfbundle; includeInIndex = 0; path = ExampleUITests.xctest; sourceTree = BUILT_PRODUCTS_DIR; };
		C8984CB31C36B723001E4272 /* ExampleUITests.swift */ = {isa = PBXFileReference; lastKnownFileType = sourcecode.swift; path = ExampleUITests.swift; sourceTree = "<group>"; };
		C8984CB51C36B723001E4272 /* Info.plist */ = {isa = PBXFileReference; lastKnownFileType = text.plist.xml; path = Info.plist; sourceTree = "<group>"; };
		C8B438561F3BA49F00B6A80B /* CHANGELOG.md */ = {isa = PBXFileReference; fileEncoding = 4; lastKnownFileType = net.daringfireball.markdown; path = CHANGELOG.md; sourceTree = "<group>"; };
		C8BBFBCC1F3B8F8D00A225F7 /* CollectionViewSectionedDataSource.swift */ = {isa = PBXFileReference; fileEncoding = 4; lastKnownFileType = sourcecode.swift; path = CollectionViewSectionedDataSource.swift; sourceTree = "<group>"; };
		C8BBFBCD1F3B8F8D00A225F7 /* DataSources.swift */ = {isa = PBXFileReference; fileEncoding = 4; lastKnownFileType = sourcecode.swift; path = DataSources.swift; sourceTree = "<group>"; };
		C8BBFBCE1F3B8F8D00A225F7 /* Info.plist */ = {isa = PBXFileReference; fileEncoding = 4; lastKnownFileType = text.plist.xml; path = Info.plist; sourceTree = "<group>"; };
		C8BBFBCF1F3B8F8D00A225F7 /* RxCollectionViewSectionedAnimatedDataSource.swift */ = {isa = PBXFileReference; fileEncoding = 4; lastKnownFileType = sourcecode.swift; path = RxCollectionViewSectionedAnimatedDataSource.swift; sourceTree = "<group>"; };
		C8BBFBD01F3B8F8D00A225F7 /* RxCollectionViewSectionedReloadDataSource.swift */ = {isa = PBXFileReference; fileEncoding = 4; lastKnownFileType = sourcecode.swift; path = RxCollectionViewSectionedReloadDataSource.swift; sourceTree = "<group>"; };
		C8BBFBD11F3B8F8D00A225F7 /* RxDataSources.h */ = {isa = PBXFileReference; fileEncoding = 4; lastKnownFileType = sourcecode.c.h; path = RxDataSources.h; sourceTree = "<group>"; };
		C8BBFBD21F3B8F8D00A225F7 /* RxPickerViewAdapter.swift */ = {isa = PBXFileReference; fileEncoding = 4; lastKnownFileType = sourcecode.swift; path = RxPickerViewAdapter.swift; sourceTree = "<group>"; };
		C8BBFBD31F3B8F8D00A225F7 /* RxTableViewSectionedAnimatedDataSource.swift */ = {isa = PBXFileReference; fileEncoding = 4; lastKnownFileType = sourcecode.swift; path = RxTableViewSectionedAnimatedDataSource.swift; sourceTree = "<group>"; };
		C8BBFBD41F3B8F8D00A225F7 /* RxTableViewSectionedReloadDataSource.swift */ = {isa = PBXFileReference; fileEncoding = 4; lastKnownFileType = sourcecode.swift; path = RxTableViewSectionedReloadDataSource.swift; sourceTree = "<group>"; };
		C8BBFBD51F3B8F8D00A225F7 /* TableViewSectionedDataSource.swift */ = {isa = PBXFileReference; fileEncoding = 4; lastKnownFileType = sourcecode.swift; path = TableViewSectionedDataSource.swift; sourceTree = "<group>"; };
		C8BBFBD61F3B8F8D00A225F7 /* UI+SectionedViewType.swift */ = {isa = PBXFileReference; fileEncoding = 4; lastKnownFileType = sourcecode.swift; path = "UI+SectionedViewType.swift"; sourceTree = "<group>"; };
		E39CF67E2A16306B47BCE935 /* Pods_RxDataSources.framework */ = {isa = PBXFileReference; explicitFileType = wrapper.framework; includeInIndex = 0; path = Pods_RxDataSources.framework; sourceTree = BUILT_PRODUCTS_DIR; };
		E3CB312567712E0443B47BE1 /* Pods_Tests.framework */ = {isa = PBXFileReference; explicitFileType = wrapper.framework; includeInIndex = 0; path = Pods_Tests.framework; sourceTree = BUILT_PRODUCTS_DIR; };
/* End PBXFileReference section */

/* Begin PBXFrameworksBuildPhase section */
		C81905AB1DEA019100AE679C /* Frameworks */ = {
			isa = PBXFrameworksBuildPhase;
			buildActionMask = 2147483647;
			files = (
				C8E3905A1F36625B004FC993 /* RxDataSources.framework in Frameworks */,
			);
			runOnlyForDeploymentPostprocessing = 0;
		};
		C82C3C501F3B937500309AE8 /* Frameworks */ = {
			isa = PBXFrameworksBuildPhase;
			buildActionMask = 2147483647;
			files = (
			);
			runOnlyForDeploymentPostprocessing = 0;
		};
		C8984C561C36AF35001E4272 /* Frameworks */ = {
			isa = PBXFrameworksBuildPhase;
			buildActionMask = 2147483647;
			files = (
				9FF301501C4AA6DA007376BD /* RxSwift.framework in Frameworks */,
				9FF3014E1C4AA6DA007376BD /* RxCocoa.framework in Frameworks */,
			);
			runOnlyForDeploymentPostprocessing = 0;
		};
		C8984C981C36B6FA001E4272 /* Frameworks */ = {
			isa = PBXFrameworksBuildPhase;
			buildActionMask = 2147483647;
			files = (
				C87C34A21F363B3000DB85FE /* RxDataSources.framework in Frameworks */,
				C87C349D1F363B1400DB85FE /* RxCocoa.framework in Frameworks */,
				C82C3C5B1F3B937500309AE8 /* Differentiator.framework in Frameworks */,
				C87C34991F363B1400DB85FE /* RxSwift.framework in Frameworks */,
			);
			runOnlyForDeploymentPostprocessing = 0;
		};
		C8984CAE1C36B723001E4272 /* Frameworks */ = {
			isa = PBXFrameworksBuildPhase;
			buildActionMask = 2147483647;
			files = (
			);
			runOnlyForDeploymentPostprocessing = 0;
		};
/* End PBXFrameworksBuildPhase section */

/* Begin PBXGroup section */
		03EEEE7D1F5B7D5C006068BC /* Tests */ = {
			isa = PBXGroup;
			children = (
				03EEEE7E1F5B7D5C006068BC /* RxDataSourcesTests */,
			);
			path = Tests;
			sourceTree = "<group>";
		};
		03EEEE7E1F5B7D5C006068BC /* RxDataSourcesTests */ = {
			isa = PBXGroup;
			children = (
				03EEEE7F1F5B7D5C006068BC /* AlgorithmTests.swift */,
				03EEEE801F5B7D5C006068BC /* Array+Extensions.swift */,
				03EEEE811F5B7D5C006068BC /* ChangeSet+TestExtensions.swift */,
				03EEEE821F5B7D5C006068BC /* i.swift */,
				03EEEE831F5B7D5C006068BC /* Info.plist */,
				03EEEE841F5B7D5C006068BC /* NumberSection.swift */,
				03EEEE851F5B7D5C006068BC /* Randomizer.swift */,
				03EEEE861F5B7D5C006068BC /* s.swift */,
				03EEEE871F5B7D5C006068BC /* XCTest+Extensions.swift */,
			);
			path = RxDataSourcesTests;
			sourceTree = "<group>";
		};
		0B778FC06BA7DEC5E2561D41 /* Dependency Frameworks */ = {
			isa = PBXGroup;
			children = (
				9FF301471C4AA6BE007376BD /* iOS */,
				9FF301461C4AA6B9007376BD /* tvOS */,
			);
			name = "Dependency Frameworks";
			sourceTree = "<group>";
		};
		845F61F51CCFDD7100A8BE32 /* Views */ = {
			isa = PBXGroup;
			children = (
				845F61F61CCFDE6A00A8BE32 /* ImageTitleTableViewCell.swift */,
				845F61F81CCFDEA800A8BE32 /* TitleSwitchTableViewCell.swift */,
				845F61FA1CCFDED600A8BE32 /* TitleSteperTableViewCell.swift */,
				845F61FC1CCFF63600A8BE32 /* UIKitExtensions.swift */,
			);
			path = Views;
			sourceTree = "<group>";
		};
		9FF301461C4AA6B9007376BD /* tvOS */ = {
			isa = PBXGroup;
			children = (
				9FF301481C4AA6D1007376BD /* RxCocoa.framework */,
				9FF301491C4AA6D1007376BD /* RxSwift.framework */,
			);
			name = tvOS;
			sourceTree = "<group>";
		};
		9FF301471C4AA6BE007376BD /* iOS */ = {
			isa = PBXGroup;
			children = (
				9FF3014C1C4AA6DA007376BD /* RxCocoa.framework */,
				9FF3014D1C4AA6DA007376BD /* RxSwift.framework */,
			);
			name = iOS;
			sourceTree = "<group>";
		};
		BFEBA1123C920BFF3E655630 /* Frameworks */ = {
			isa = PBXGroup;
			children = (
				A66428182C504F0369D6A3F2 /* Pods.framework */,
				2F74935B588353100399C29D /* Pods_Example.framework */,
				E39CF67E2A16306B47BCE935 /* Pods_RxDataSources.framework */,
				E3CB312567712E0443B47BE1 /* Pods_Tests.framework */,
			);
			name = Frameworks;
			sourceTree = "<group>";
		};
		C81FBF5A1F3B9CF10094061E /* Podspecs */ = {
			isa = PBXGroup;
			children = (
				C81FBF451F3B9CED0094061E /* Differentiator.podspec */,
				C861C0F01E153FC400BEDC46 /* RxDataSources.podspec */,
			);
			name = Podspecs;
			sourceTree = "<group>";
		};
		C82C3C601F3B938C00309AE8 /* Differentiator */ = {
			isa = PBXGroup;
			children = (
				C82C3C611F3B938C00309AE8 /* AnimatableSectionModel.swift */,
				C82C3C621F3B938C00309AE8 /* AnimatableSectionModelType+ItemPath.swift */,
				C82C3C631F3B938C00309AE8 /* AnimatableSectionModelType.swift */,
				C82C3C661F3B938C00309AE8 /* Changeset.swift */,
				C82C3C671F3B938C00309AE8 /* Diff.swift */,
				C82C3C681F3B938C00309AE8 /* Differentiator.h */,
				C82C3C6A1F3B938C00309AE8 /* IdentifiableType.swift */,
				C82C3C6B1F3B938C00309AE8 /* IdentifiableValue.swift */,
				C82C3C6C1F3B938C00309AE8 /* Info.plist */,
				C82C3C6E1F3B938C00309AE8 /* ItemPath.swift */,
				C82C3C6F1F3B938C00309AE8 /* Optional+Extensions.swift */,
				C82C3C701F3B938C00309AE8 /* SectionModel.swift */,
				C82C3C711F3B938C00309AE8 /* SectionModelType.swift */,
				C82C3C731F3B938C00309AE8 /* Utilities.swift */,
			);
			path = Differentiator;
			sourceTree = "<group>";
		};
		C85EE5461C36F1FC0090614D /* Sources */ = {
			isa = PBXGroup;
			children = (
				C82C3C601F3B938C00309AE8 /* Differentiator */,
				C8BBFBCB1F3B8F8D00A225F7 /* RxDataSources */,
			);
			path = Sources;
			sourceTree = "<group>";
		};
		C87C341A1F36346A00DB85FE /* Products */ = {
			isa = PBXGroup;
			children = (
				C87C34321F36346A00DB85FE /* RxSwift.framework */,
				C87C34341F36346A00DB85FE /* RxSwift.framework */,
				C87C34361F36346A00DB85FE /* RxSwift.framework */,
				C87C34381F36346A00DB85FE /* RxSwift.framework */,
				C87C343A1F36346A00DB85FE /* RxCocoa.framework */,
				C87C343C1F36346A00DB85FE /* RxCocoa.framework */,
				C87C343E1F36346A00DB85FE /* RxCocoa.framework */,
				C87C34401F36346A00DB85FE /* RxCocoa.framework */,
				C87C34421F36346A00DB85FE /* RxBlocking.framework */,
				C87C34441F36346A00DB85FE /* RxBlocking.framework */,
				C87C34461F36346A00DB85FE /* RxBlocking.framework */,
				C87C34481F36346A00DB85FE /* RxBlocking.framework */,
				C87C344A1F36346A00DB85FE /* RxTest.framework */,
				C87C344C1F36346A00DB85FE /* RxTest.framework */,
				C87C344E1F36346A00DB85FE /* RxTest.framework */,
				C87C34501F36346A00DB85FE /* RxTest.framework */,
				C87C34521F36346A00DB85FE /* AllTests-iOS.xctest */,
				C87C34541F36346A00DB85FE /* AllTests-tvOS.xctest */,
				C87C34561F36346A00DB85FE /* AllTests-macOS.xctest */,
				C87C34581F36346A00DB85FE /* PerformanceTests.app */,
				C87C345A1F36346A00DB85FE /* Benchmarks.xctest */,
			);
			name = Products;
			sourceTree = "<group>";
		};
		C87DF3421D0219A7006308C5 /* Support */ = {
			isa = PBXGroup;
			children = (
				C87DF3431D0219A7006308C5 /* AppDelegate.swift */,
			);
			path = Support;
			sourceTree = "<group>";
		};
		C8984C501C36AF35001E4272 = {
			isa = PBXGroup;
			children = (
				C8B438561F3BA49F00B6A80B /* CHANGELOG.md */,
				C81FBF5A1F3B9CF10094061E /* Podspecs */,
				C82541851F363C76009F6C03 /* dependencies.sh */,
				C87C34191F36346A00DB85FE /* Rx.xcodeproj */,
				C85EE5461C36F1FC0090614D /* Sources */,
				C8984C9C1C36B6FA001E4272 /* Example */,
				C8984CB21C36B723001E4272 /* ExampleUITests */,
				03EEEE7D1F5B7D5C006068BC /* Tests */,
				C8984C5B1C36AF35001E4272 /* Products */,
				0B778FC06BA7DEC5E2561D41 /* Dependency Frameworks */,
				BFEBA1123C920BFF3E655630 /* Frameworks */,
			);
			sourceTree = "<group>";
		};
		C8984C5B1C36AF35001E4272 /* Products */ = {
			isa = PBXGroup;
			children = (
				C8984C5A1C36AF35001E4272 /* RxDataSources.framework */,
				C8984C9B1C36B6FA001E4272 /* Example.app */,
				C8984CB11C36B723001E4272 /* ExampleUITests.xctest */,
				C81905AE1DEA019100AE679C /* Tests.xctest */,
				C82C3C541F3B937500309AE8 /* Differentiator.framework */,
			);
			name = Products;
			sourceTree = "<group>";
		};
		C8984C9C1C36B6FA001E4272 /* Example */ = {
			isa = PBXGroup;
			children = (
				C8153A4F1CC6C2F40050C990 /* Example1_CustomizationUsingTableViewDelegate.swift */,
				C8984C9F1C36B6FA001E4272 /* Example2_RandomizedSectionsAnimation.swift */,
				84FC6BED1CA4830A00D3C605 /* Example3_TableViewEditing.swift */,
				845F61F31CCFD96800A8BE32 /* Example4_DifferentSectionAndItemTypes.swift */,
				A5E035631F0BD55A00EA6BDE /* Example5_UIPickerView.swift */,
				C87DF3421D0219A7006308C5 /* Support */,
				845F61F51CCFDD7100A8BE32 /* Views */,
				C8984CA11C36B6FA001E4272 /* Main.storyboard */,
				C8984CA41C36B6FA001E4272 /* Assets.xcassets */,
				C8984CA61C36B6FA001E4272 /* LaunchScreen.storyboard */,
				C8984CA91C36B6FA001E4272 /* Info.plist */,
			);
			path = Example;
			sourceTree = "<group>";
		};
		C8984CB21C36B723001E4272 /* ExampleUITests */ = {
			isa = PBXGroup;
			children = (
				C8984CB31C36B723001E4272 /* ExampleUITests.swift */,
				C8984CB51C36B723001E4272 /* Info.plist */,
			);
			path = ExampleUITests;
			sourceTree = "<group>";
		};
		C8BBFBCB1F3B8F8D00A225F7 /* RxDataSources */ = {
			isa = PBXGroup;
			children = (
				C81FBF651F3B9DF60094061E /* AnimationConfiguration.swift */,
				C81FBF611F3B9DC00094061E /* IntegerType+IdentifiableType.swift */,
				C81FBF621F3B9DC00094061E /* String+IdentifiableType.swift */,
				C81FBF5F1F3B9D8B0094061E /* FloatingPointType+IdentifiableType.swift */,
				C81FBF5B1F3B9D4C0094061E /* Array+Extensions.swift */,
				C8BBFBCC1F3B8F8D00A225F7 /* CollectionViewSectionedDataSource.swift */,
				C8BBFBCD1F3B8F8D00A225F7 /* DataSources.swift */,
				C8BBFBCE1F3B8F8D00A225F7 /* Info.plist */,
				C8BBFBCF1F3B8F8D00A225F7 /* RxCollectionViewSectionedAnimatedDataSource.swift */,
				C8BBFBD01F3B8F8D00A225F7 /* RxCollectionViewSectionedReloadDataSource.swift */,
				C8BBFBD11F3B8F8D00A225F7 /* RxDataSources.h */,
				C8BBFBD21F3B8F8D00A225F7 /* RxPickerViewAdapter.swift */,
				C8BBFBD31F3B8F8D00A225F7 /* RxTableViewSectionedAnimatedDataSource.swift */,
				C8BBFBD41F3B8F8D00A225F7 /* RxTableViewSectionedReloadDataSource.swift */,
				C8BBFBD51F3B8F8D00A225F7 /* TableViewSectionedDataSource.swift */,
				C8BBFBD61F3B8F8D00A225F7 /* UI+SectionedViewType.swift */,
				C833338C1F8A5FAC00D46EAE /* Deprecated.swift */,
			);
			path = RxDataSources;
			sourceTree = "<group>";
		};
/* End PBXGroup section */

/* Begin PBXHeadersBuildPhase section */
		C82C3C511F3B937500309AE8 /* Headers */ = {
			isa = PBXHeadersBuildPhase;
			buildActionMask = 2147483647;
			files = (
				C82C3C8E1F3B939100309AE8 /* Differentiator.h in Headers */,
			);
			runOnlyForDeploymentPostprocessing = 0;
		};
		C8984C571C36AF35001E4272 /* Headers */ = {
			isa = PBXHeadersBuildPhase;
			buildActionMask = 2147483647;
			files = (
				C8BBFBDC1F3B8F8D00A225F7 /* RxDataSources.h in Headers */,
			);
			runOnlyForDeploymentPostprocessing = 0;
		};
/* End PBXHeadersBuildPhase section */

/* Begin PBXLegacyTarget section */
		C87C345C1F36352600DB85FE /* Dependencies */ = {
			isa = PBXLegacyTarget;
			buildArgumentsString = "$(ACTION)";
			buildConfigurationList = C87C345D1F36352600DB85FE /* Build configuration list for PBXLegacyTarget "Dependencies" */;
			buildPhases = (
			);
			buildToolPath = ./dependencies.sh;
			dependencies = (
			);
			name = Dependencies;
			passBuildSettingsInEnvironment = 1;
			productName = Dependencies;
		};
/* End PBXLegacyTarget section */

/* Begin PBXNativeTarget section */
		C81905AD1DEA019100AE679C /* Tests */ = {
			isa = PBXNativeTarget;
			buildConfigurationList = C81905B81DEA019100AE679C /* Build configuration list for PBXNativeTarget "Tests" */;
			buildPhases = (
				C81905AA1DEA019100AE679C /* Sources */,
				C81905AB1DEA019100AE679C /* Frameworks */,
				C81905AC1DEA019100AE679C /* Resources */,
			);
			buildRules = (
			);
			dependencies = (
				C85CB0C51F4349E6005CE91A /* PBXTargetDependency */,
			);
			name = Tests;
			productName = Tests;
			productReference = C81905AE1DEA019100AE679C /* Tests.xctest */;
			productType = "com.apple.product-type.bundle.unit-test";
		};
		C82C3C531F3B937500309AE8 /* Differentiator */ = {
			isa = PBXNativeTarget;
			buildConfigurationList = C82C3C5D1F3B937500309AE8 /* Build configuration list for PBXNativeTarget "Differentiator" */;
			buildPhases = (
				C82C3C4F1F3B937500309AE8 /* Sources */,
				C82C3C501F3B937500309AE8 /* Frameworks */,
				C82C3C511F3B937500309AE8 /* Headers */,
				C82C3C521F3B937500309AE8 /* Resources */,
			);
			buildRules = (
			);
			dependencies = (
				C82C3C9D1F3B93D900309AE8 /* PBXTargetDependency */,
			);
			name = Differentiator;
			productName = Differentiator;
			productReference = C82C3C541F3B937500309AE8 /* Differentiator.framework */;
			productType = "com.apple.product-type.framework";
		};
		C8984C591C36AF35001E4272 /* RxDataSources */ = {
			isa = PBXNativeTarget;
			buildConfigurationList = C8984C621C36AF35001E4272 /* Build configuration list for PBXNativeTarget "RxDataSources" */;
			buildPhases = (
				C8984C551C36AF35001E4272 /* Sources */,
				C8984C561C36AF35001E4272 /* Frameworks */,
				C8984C571C36AF35001E4272 /* Headers */,
				C8984C581C36AF35001E4272 /* Resources */,
			);
			buildRules = (
			);
			dependencies = (
				C82C3C9B1F3B93D200309AE8 /* PBXTargetDependency */,
				C87C34611F36353300DB85FE /* PBXTargetDependency */,
			);
			name = RxDataSources;
			productName = RxDataSources;
			productReference = C8984C5A1C36AF35001E4272 /* RxDataSources.framework */;
			productType = "com.apple.product-type.framework";
		};
		C8984C9A1C36B6FA001E4272 /* Example */ = {
			isa = PBXNativeTarget;
			buildConfigurationList = C8984CAA1C36B6FA001E4272 /* Build configuration list for PBXNativeTarget "Example" */;
			buildPhases = (
				C8984C971C36B6FA001E4272 /* Sources */,
				C8984C981C36B6FA001E4272 /* Frameworks */,
				C8984C991C36B6FA001E4272 /* Resources */,
				C82FDC991F3651D0002FA2B6 /* NormalizeCocoapods */,
				C87C34A11F363B1400DB85FE /* Embed Frameworks */,
			);
			buildRules = (
			);
			dependencies = (
				C85CB0C91F434A83005CE91A /* PBXTargetDependency */,
				C87C34651F36353B00DB85FE /* PBXTargetDependency */,
				C87C349C1F363B1400DB85FE /* PBXTargetDependency */,
				C87C34A01F363B1400DB85FE /* PBXTargetDependency */,
				C82C3C5A1F3B937500309AE8 /* PBXTargetDependency */,
			);
			name = Example;
			productName = Example;
			productReference = C8984C9B1C36B6FA001E4272 /* Example.app */;
			productType = "com.apple.product-type.application";
		};
		C8984CB01C36B723001E4272 /* ExampleUITests */ = {
			isa = PBXNativeTarget;
			buildConfigurationList = C8984CB81C36B723001E4272 /* Build configuration list for PBXNativeTarget "ExampleUITests" */;
			buildPhases = (
				C8984CAD1C36B723001E4272 /* Sources */,
				C8984CAE1C36B723001E4272 /* Frameworks */,
				C8984CAF1C36B723001E4272 /* Resources */,
			);
			buildRules = (
			);
			dependencies = (
				C85CB0C71F434A80005CE91A /* PBXTargetDependency */,
				C8984CB71C36B723001E4272 /* PBXTargetDependency */,
			);
			name = ExampleUITests;
			productName = ExampleUITests;
			productReference = C8984CB11C36B723001E4272 /* ExampleUITests.xctest */;
			productType = "com.apple.product-type.bundle.ui-testing";
		};
/* End PBXNativeTarget section */

/* Begin PBXProject section */
		C8984C511C36AF35001E4272 /* Project object */ = {
			isa = PBXProject;
			attributes = {
				LastSwiftUpdateCheck = 0810;
				LastUpgradeCheck = 0900;
				ORGANIZATIONNAME = kzaher;
				TargetAttributes = {
					C81905AD1DEA019100AE679C = {
						CreatedOnToolsVersion = 8.1;
						DevelopmentTeam = 783T66X79Y;
						ProvisioningStyle = Automatic;
					};
					C82C3C531F3B937500309AE8 = {
						CreatedOnToolsVersion = 8.3.3;
						ProvisioningStyle = Automatic;
					};
					C87C345C1F36352600DB85FE = {
						CreatedOnToolsVersion = 8.3.3;
						DevelopmentTeam = 783T66X79Y;
						ProvisioningStyle = Automatic;
					};
					C8984C591C36AF35001E4272 = {
						CreatedOnToolsVersion = 7.2;
					};
					C8984C9A1C36B6FA001E4272 = {
						CreatedOnToolsVersion = 7.2;
					};
					C8984CB01C36B723001E4272 = {
						CreatedOnToolsVersion = 7.2;
						TestTargetID = C8984C9A1C36B6FA001E4272;
					};
				};
			};
			buildConfigurationList = C8984C541C36AF35001E4272 /* Build configuration list for PBXProject "RxDataSources" */;
			compatibilityVersion = "Xcode 3.2";
			developmentRegion = English;
			hasScannedForEncodings = 0;
			knownRegions = (
				en,
				Base,
			);
			mainGroup = C8984C501C36AF35001E4272;
			productRefGroup = C8984C5B1C36AF35001E4272 /* Products */;
			projectDirPath = "";
			projectReferences = (
				{
					ProductGroup = C87C341A1F36346A00DB85FE /* Products */;
					ProjectRef = C87C34191F36346A00DB85FE /* Rx.xcodeproj */;
				},
			);
			projectRoot = "";
			targets = (
				C8984C591C36AF35001E4272 /* RxDataSources */,
				C82C3C531F3B937500309AE8 /* Differentiator */,
				C8984C9A1C36B6FA001E4272 /* Example */,
				C8984CB01C36B723001E4272 /* ExampleUITests */,
				C81905AD1DEA019100AE679C /* Tests */,
				C87C345C1F36352600DB85FE /* Dependencies */,
			);
		};
/* End PBXProject section */

/* Begin PBXReferenceProxy section */
		C87C34321F36346A00DB85FE /* RxSwift.framework */ = {
			isa = PBXReferenceProxy;
			fileType = wrapper.framework;
			path = RxSwift.framework;
			remoteRef = C87C34311F36346A00DB85FE /* PBXContainerItemProxy */;
			sourceTree = BUILT_PRODUCTS_DIR;
		};
		C87C34341F36346A00DB85FE /* RxSwift.framework */ = {
			isa = PBXReferenceProxy;
			fileType = wrapper.framework;
			path = RxSwift.framework;
			remoteRef = C87C34331F36346A00DB85FE /* PBXContainerItemProxy */;
			sourceTree = BUILT_PRODUCTS_DIR;
		};
		C87C34361F36346A00DB85FE /* RxSwift.framework */ = {
			isa = PBXReferenceProxy;
			fileType = wrapper.framework;
			path = RxSwift.framework;
			remoteRef = C87C34351F36346A00DB85FE /* PBXContainerItemProxy */;
			sourceTree = BUILT_PRODUCTS_DIR;
		};
		C87C34381F36346A00DB85FE /* RxSwift.framework */ = {
			isa = PBXReferenceProxy;
			fileType = wrapper.framework;
			path = RxSwift.framework;
			remoteRef = C87C34371F36346A00DB85FE /* PBXContainerItemProxy */;
			sourceTree = BUILT_PRODUCTS_DIR;
		};
		C87C343A1F36346A00DB85FE /* RxCocoa.framework */ = {
			isa = PBXReferenceProxy;
			fileType = wrapper.framework;
			path = RxCocoa.framework;
			remoteRef = C87C34391F36346A00DB85FE /* PBXContainerItemProxy */;
			sourceTree = BUILT_PRODUCTS_DIR;
		};
		C87C343C1F36346A00DB85FE /* RxCocoa.framework */ = {
			isa = PBXReferenceProxy;
			fileType = wrapper.framework;
			path = RxCocoa.framework;
			remoteRef = C87C343B1F36346A00DB85FE /* PBXContainerItemProxy */;
			sourceTree = BUILT_PRODUCTS_DIR;
		};
		C87C343E1F36346A00DB85FE /* RxCocoa.framework */ = {
			isa = PBXReferenceProxy;
			fileType = wrapper.framework;
			path = RxCocoa.framework;
			remoteRef = C87C343D1F36346A00DB85FE /* PBXContainerItemProxy */;
			sourceTree = BUILT_PRODUCTS_DIR;
		};
		C87C34401F36346A00DB85FE /* RxCocoa.framework */ = {
			isa = PBXReferenceProxy;
			fileType = wrapper.framework;
			path = RxCocoa.framework;
			remoteRef = C87C343F1F36346A00DB85FE /* PBXContainerItemProxy */;
			sourceTree = BUILT_PRODUCTS_DIR;
		};
		C87C34421F36346A00DB85FE /* RxBlocking.framework */ = {
			isa = PBXReferenceProxy;
			fileType = wrapper.framework;
			path = RxBlocking.framework;
			remoteRef = C87C34411F36346A00DB85FE /* PBXContainerItemProxy */;
			sourceTree = BUILT_PRODUCTS_DIR;
		};
		C87C34441F36346A00DB85FE /* RxBlocking.framework */ = {
			isa = PBXReferenceProxy;
			fileType = wrapper.framework;
			path = RxBlocking.framework;
			remoteRef = C87C34431F36346A00DB85FE /* PBXContainerItemProxy */;
			sourceTree = BUILT_PRODUCTS_DIR;
		};
		C87C34461F36346A00DB85FE /* RxBlocking.framework */ = {
			isa = PBXReferenceProxy;
			fileType = wrapper.framework;
			path = RxBlocking.framework;
			remoteRef = C87C34451F36346A00DB85FE /* PBXContainerItemProxy */;
			sourceTree = BUILT_PRODUCTS_DIR;
		};
		C87C34481F36346A00DB85FE /* RxBlocking.framework */ = {
			isa = PBXReferenceProxy;
			fileType = wrapper.framework;
			path = RxBlocking.framework;
			remoteRef = C87C34471F36346A00DB85FE /* PBXContainerItemProxy */;
			sourceTree = BUILT_PRODUCTS_DIR;
		};
		C87C344A1F36346A00DB85FE /* RxTest.framework */ = {
			isa = PBXReferenceProxy;
			fileType = wrapper.framework;
			path = RxTest.framework;
			remoteRef = C87C34491F36346A00DB85FE /* PBXContainerItemProxy */;
			sourceTree = BUILT_PRODUCTS_DIR;
		};
		C87C344C1F36346A00DB85FE /* RxTest.framework */ = {
			isa = PBXReferenceProxy;
			fileType = wrapper.framework;
			path = RxTest.framework;
			remoteRef = C87C344B1F36346A00DB85FE /* PBXContainerItemProxy */;
			sourceTree = BUILT_PRODUCTS_DIR;
		};
		C87C344E1F36346A00DB85FE /* RxTest.framework */ = {
			isa = PBXReferenceProxy;
			fileType = wrapper.framework;
			path = RxTest.framework;
			remoteRef = C87C344D1F36346A00DB85FE /* PBXContainerItemProxy */;
			sourceTree = BUILT_PRODUCTS_DIR;
		};
		C87C34501F36346A00DB85FE /* RxTest.framework */ = {
			isa = PBXReferenceProxy;
			fileType = wrapper.framework;
			path = RxTest.framework;
			remoteRef = C87C344F1F36346A00DB85FE /* PBXContainerItemProxy */;
			sourceTree = BUILT_PRODUCTS_DIR;
		};
		C87C34521F36346A00DB85FE /* AllTests-iOS.xctest */ = {
			isa = PBXReferenceProxy;
			fileType = wrapper.cfbundle;
			path = "AllTests-iOS.xctest";
			remoteRef = C87C34511F36346A00DB85FE /* PBXContainerItemProxy */;
			sourceTree = BUILT_PRODUCTS_DIR;
		};
		C87C34541F36346A00DB85FE /* AllTests-tvOS.xctest */ = {
			isa = PBXReferenceProxy;
			fileType = wrapper.cfbundle;
			path = "AllTests-tvOS.xctest";
			remoteRef = C87C34531F36346A00DB85FE /* PBXContainerItemProxy */;
			sourceTree = BUILT_PRODUCTS_DIR;
		};
		C87C34561F36346A00DB85FE /* AllTests-macOS.xctest */ = {
			isa = PBXReferenceProxy;
			fileType = wrapper.cfbundle;
			path = "AllTests-macOS.xctest";
			remoteRef = C87C34551F36346A00DB85FE /* PBXContainerItemProxy */;
			sourceTree = BUILT_PRODUCTS_DIR;
		};
		C87C34581F36346A00DB85FE /* PerformanceTests.app */ = {
			isa = PBXReferenceProxy;
			fileType = wrapper.application;
			name = PerformanceTests.app;
			path = Microoptimizations.app;
			remoteRef = C87C34571F36346A00DB85FE /* PBXContainerItemProxy */;
			sourceTree = BUILT_PRODUCTS_DIR;
		};
		C87C345A1F36346A00DB85FE /* Benchmarks.xctest */ = {
			isa = PBXReferenceProxy;
			fileType = wrapper.cfbundle;
			path = Benchmarks.xctest;
			remoteRef = C87C34591F36346A00DB85FE /* PBXContainerItemProxy */;
			sourceTree = BUILT_PRODUCTS_DIR;
		};
/* End PBXReferenceProxy section */

/* Begin PBXResourcesBuildPhase section */
		C81905AC1DEA019100AE679C /* Resources */ = {
			isa = PBXResourcesBuildPhase;
			buildActionMask = 2147483647;
			files = (
			);
			runOnlyForDeploymentPostprocessing = 0;
		};
		C82C3C521F3B937500309AE8 /* Resources */ = {
			isa = PBXResourcesBuildPhase;
			buildActionMask = 2147483647;
			files = (
			);
			runOnlyForDeploymentPostprocessing = 0;
		};
		C8984C581C36AF35001E4272 /* Resources */ = {
			isa = PBXResourcesBuildPhase;
			buildActionMask = 2147483647;
			files = (
				C81FBF461F3B9CED0094061E /* Differentiator.podspec in Resources */,
				C8B4386A1F3BA49F00B6A80B /* CHANGELOG.md in Resources */,
			);
			runOnlyForDeploymentPostprocessing = 0;
		};
		C8984C991C36B6FA001E4272 /* Resources */ = {
			isa = PBXResourcesBuildPhase;
			buildActionMask = 2147483647;
			files = (
				C8984CA81C36B6FA001E4272 /* LaunchScreen.storyboard in Resources */,
				C8984CA51C36B6FA001E4272 /* Assets.xcassets in Resources */,
				C8984CA31C36B6FA001E4272 /* Main.storyboard in Resources */,
			);
			runOnlyForDeploymentPostprocessing = 0;
		};
		C8984CAF1C36B723001E4272 /* Resources */ = {
			isa = PBXResourcesBuildPhase;
			buildActionMask = 2147483647;
			files = (
			);
			runOnlyForDeploymentPostprocessing = 0;
		};
/* End PBXResourcesBuildPhase section */

/* Begin PBXShellScriptBuildPhase section */
		C82FDC991F3651D0002FA2B6 /* NormalizeCocoapods */ = {
			isa = PBXShellScriptBuildPhase;
			buildActionMask = 2147483647;
			files = (
			);
			inputPaths = (
			);
			name = NormalizeCocoapods;
			outputPaths = (
			);
			runOnlyForDeploymentPostprocessing = 0;
			shellPath = /bin/sh;
			shellScript = "pushd \"${BUILT_PRODUCTS_DIR}\"\necho \"${BUILT_PRODUCTS_DIR}\"\nfunction copy {\n    if [[ -d \"$1/$1.framework\" ]]; then\n    rm -rf $1.framework\n    cp -r $1/$1.framework $1.framework\n    fi\n}\ncopy RxSwift\ncopy RxCocoa\npopd";
		};
/* End PBXShellScriptBuildPhase section */

/* Begin PBXSourcesBuildPhase section */
		C81905AA1DEA019100AE679C /* Sources */ = {
			isa = PBXSourcesBuildPhase;
			buildActionMask = 2147483647;
			files = (
				03EEEE911F5B7D71006068BC /* AlgorithmTests.swift in Sources */,
				03EEEE921F5B7D71006068BC /* Array+Extensions.swift in Sources */,
				03EEEE931F5B7D71006068BC /* ChangeSet+TestExtensions.swift in Sources */,
				03EEEE941F5B7D71006068BC /* i.swift in Sources */,
				03EEEE951F5B7D71006068BC /* NumberSection.swift in Sources */,
				03EEEE961F5B7D71006068BC /* Randomizer.swift in Sources */,
				03EEEE971F5B7D71006068BC /* s.swift in Sources */,
				03EEEE981F5B7D71006068BC /* XCTest+Extensions.swift in Sources */,
			);
			runOnlyForDeploymentPostprocessing = 0;
		};
		C82C3C4F1F3B937500309AE8 /* Sources */ = {
			isa = PBXSourcesBuildPhase;
			buildActionMask = 2147483647;
			files = (
				C82C3C8D1F3B939100309AE8 /* Diff.swift in Sources */,
				C82C3C891F3B939100309AE8 /* AnimatableSectionModelType.swift in Sources */,
				C82C3C951F3B939100309AE8 /* Optional+Extensions.swift in Sources */,
				C82C3C911F3B939100309AE8 /* IdentifiableValue.swift in Sources */,
				C82C3C961F3B939100309AE8 /* SectionModel.swift in Sources */,
				C82C3C901F3B939100309AE8 /* IdentifiableType.swift in Sources */,
				C82C3C971F3B939100309AE8 /* SectionModelType.swift in Sources */,
				C82C3C991F3B939100309AE8 /* Utilities.swift in Sources */,
				C82C3C8C1F3B939100309AE8 /* Changeset.swift in Sources */,
				C82C3C871F3B939100309AE8 /* AnimatableSectionModel.swift in Sources */,
				C82C3C941F3B939100309AE8 /* ItemPath.swift in Sources */,
				C82C3C881F3B939100309AE8 /* AnimatableSectionModelType+ItemPath.swift in Sources */,
			);
			runOnlyForDeploymentPostprocessing = 0;
		};
		C8984C551C36AF35001E4272 /* Sources */ = {
			isa = PBXSourcesBuildPhase;
			buildActionMask = 2147483647;
			files = (
				C81FBF641F3B9DC00094061E /* String+IdentifiableType.swift in Sources */,
				C8BBFBDF1F3B8F8D00A225F7 /* RxTableViewSectionedReloadDataSource.swift in Sources */,
				C81FBF5E1F3B9D660094061E /* Array+Extensions.swift in Sources */,
				C8BBFBDE1F3B8F8D00A225F7 /* RxTableViewSectionedAnimatedDataSource.swift in Sources */,
				C81FBF601F3B9D8B0094061E /* FloatingPointType+IdentifiableType.swift in Sources */,
				C81FBF661F3B9DF60094061E /* AnimationConfiguration.swift in Sources */,
				C8BBFBDA1F3B8F8D00A225F7 /* RxCollectionViewSectionedAnimatedDataSource.swift in Sources */,
				C8BBFBD81F3B8F8D00A225F7 /* DataSources.swift in Sources */,
				C8BBFBD71F3B8F8D00A225F7 /* CollectionViewSectionedDataSource.swift in Sources */,
				C8BBFBE01F3B8F8D00A225F7 /* TableViewSectionedDataSource.swift in Sources */,
				C8BBFBE11F3B8F8D00A225F7 /* UI+SectionedViewType.swift in Sources */,
				C8BBFBDB1F3B8F8D00A225F7 /* RxCollectionViewSectionedReloadDataSource.swift in Sources */,
				C833338D1F8A5FAC00D46EAE /* Deprecated.swift in Sources */,
				C81FBF631F3B9DC00094061E /* IntegerType+IdentifiableType.swift in Sources */,
				C8BBFBDD1F3B8F8D00A225F7 /* RxPickerViewAdapter.swift in Sources */,
			);
			runOnlyForDeploymentPostprocessing = 0;
		};
		C8984C971C36B6FA001E4272 /* Sources */ = {
			isa = PBXSourcesBuildPhase;
			buildActionMask = 2147483647;
			files = (
				0372690E1F5B96DF00F7259C /* Randomizer.swift in Sources */,
				0372690D1F5B96DC00F7259C /* NumberSection.swift in Sources */,
				A5E035641F0BD55A00EA6BDE /* Example5_UIPickerView.swift in Sources */,
				845F61F71CCFDE6A00A8BE32 /* ImageTitleTableViewCell.swift in Sources */,
				84FC6BEE1CA4830A00D3C605 /* Example3_TableViewEditing.swift in Sources */,
				C8984CA01C36B6FA001E4272 /* Example2_RandomizedSectionsAnimation.swift in Sources */,
				C87DF3461D0219A7006308C5 /* AppDelegate.swift in Sources */,
				845F61F41CCFD96800A8BE32 /* Example4_DifferentSectionAndItemTypes.swift in Sources */,
				845F61FB1CCFDED600A8BE32 /* TitleSteperTableViewCell.swift in Sources */,
				845F61F91CCFDEA800A8BE32 /* TitleSwitchTableViewCell.swift in Sources */,
				845F61FD1CCFF63600A8BE32 /* UIKitExtensions.swift in Sources */,
				C8153A501CC6C2F40050C990 /* Example1_CustomizationUsingTableViewDelegate.swift in Sources */,
			);
			runOnlyForDeploymentPostprocessing = 0;
		};
		C8984CAD1C36B723001E4272 /* Sources */ = {
			isa = PBXSourcesBuildPhase;
			buildActionMask = 2147483647;
			files = (
				C8984CB41C36B723001E4272 /* ExampleUITests.swift in Sources */,
			);
			runOnlyForDeploymentPostprocessing = 0;
		};
/* End PBXSourcesBuildPhase section */

/* Begin PBXTargetDependency section */
		C82C3C5A1F3B937500309AE8 /* PBXTargetDependency */ = {
			isa = PBXTargetDependency;
			target = C82C3C531F3B937500309AE8 /* Differentiator */;
			targetProxy = C82C3C591F3B937500309AE8 /* PBXContainerItemProxy */;
		};
		C82C3C9B1F3B93D200309AE8 /* PBXTargetDependency */ = {
			isa = PBXTargetDependency;
			target = C82C3C531F3B937500309AE8 /* Differentiator */;
			targetProxy = C82C3C9A1F3B93D200309AE8 /* PBXContainerItemProxy */;
		};
		C82C3C9D1F3B93D900309AE8 /* PBXTargetDependency */ = {
			isa = PBXTargetDependency;
			target = C87C345C1F36352600DB85FE /* Dependencies */;
			targetProxy = C82C3C9C1F3B93D900309AE8 /* PBXContainerItemProxy */;
		};
		C85CB0C51F4349E6005CE91A /* PBXTargetDependency */ = {
			isa = PBXTargetDependency;
			target = C87C345C1F36352600DB85FE /* Dependencies */;
			targetProxy = C85CB0C41F4349E6005CE91A /* PBXContainerItemProxy */;
		};
		C85CB0C71F434A80005CE91A /* PBXTargetDependency */ = {
			isa = PBXTargetDependency;
			target = C87C345C1F36352600DB85FE /* Dependencies */;
			targetProxy = C85CB0C61F434A80005CE91A /* PBXContainerItemProxy */;
		};
		C85CB0C91F434A83005CE91A /* PBXTargetDependency */ = {
			isa = PBXTargetDependency;
			target = C87C345C1F36352600DB85FE /* Dependencies */;
			targetProxy = C85CB0C81F434A83005CE91A /* PBXContainerItemProxy */;
		};
		C87C34611F36353300DB85FE /* PBXTargetDependency */ = {
			isa = PBXTargetDependency;
			target = C87C345C1F36352600DB85FE /* Dependencies */;
			targetProxy = C87C34601F36353300DB85FE /* PBXContainerItemProxy */;
		};
		C87C34651F36353B00DB85FE /* PBXTargetDependency */ = {
			isa = PBXTargetDependency;
			target = C8984C591C36AF35001E4272 /* RxDataSources */;
			targetProxy = C87C34641F36353B00DB85FE /* PBXContainerItemProxy */;
		};
		C87C349C1F363B1400DB85FE /* PBXTargetDependency */ = {
			isa = PBXTargetDependency;
			name = "RxSwift-iOS";
			targetProxy = C87C349B1F363B1400DB85FE /* PBXContainerItemProxy */;
		};
		C87C34A01F363B1400DB85FE /* PBXTargetDependency */ = {
			isa = PBXTargetDependency;
			name = "RxCocoa-iOS";
			targetProxy = C87C349F1F363B1400DB85FE /* PBXContainerItemProxy */;
		};
		C8984CB71C36B723001E4272 /* PBXTargetDependency */ = {
			isa = PBXTargetDependency;
			target = C8984C9A1C36B6FA001E4272 /* Example */;
			targetProxy = C8984CB61C36B723001E4272 /* PBXContainerItemProxy */;
		};
/* End PBXTargetDependency section */

/* Begin PBXVariantGroup section */
		C8984CA11C36B6FA001E4272 /* Main.storyboard */ = {
			isa = PBXVariantGroup;
			children = (
				C8984CA21C36B6FA001E4272 /* Base */,
			);
			name = Main.storyboard;
			sourceTree = "<group>";
		};
		C8984CA61C36B6FA001E4272 /* LaunchScreen.storyboard */ = {
			isa = PBXVariantGroup;
			children = (
				C8984CA71C36B6FA001E4272 /* Base */,
			);
			name = LaunchScreen.storyboard;
			sourceTree = "<group>";
		};
/* End PBXVariantGroup section */

/* Begin XCBuildConfiguration section */
		C81905B61DEA019100AE679C /* Debug */ = {
			isa = XCBuildConfiguration;
			buildSettings = {
				ALWAYS_EMBED_SWIFT_STANDARD_LIBRARIES = YES;
				CLANG_ANALYZER_NONNULL = YES;
				CLANG_WARN_DOCUMENTATION_COMMENTS = YES;
				CLANG_WARN_SUSPICIOUS_MOVES = YES;
				DEVELOPMENT_TEAM = 783T66X79Y;
				INFOPLIST_FILE = Tests/RxDataSourcesTests/Info.plist;
				IPHONEOS_DEPLOYMENT_TARGET = 9.0;
				LD_RUNPATH_SEARCH_PATHS = "$(inherited) @executable_path/Frameworks @loader_path/Frameworks";
				PRODUCT_BUNDLE_IDENTIFIER = io.rx.Tests;
				PRODUCT_NAME = "$(TARGET_NAME)";
				SWIFT_ACTIVE_COMPILATION_CONDITIONS = DEBUG;
			};
			name = Debug;
		};
		C81905B71DEA019100AE679C /* Release */ = {
			isa = XCBuildConfiguration;
			buildSettings = {
				ALWAYS_EMBED_SWIFT_STANDARD_LIBRARIES = YES;
				CLANG_ANALYZER_NONNULL = YES;
				CLANG_WARN_DOCUMENTATION_COMMENTS = YES;
				CLANG_WARN_SUSPICIOUS_MOVES = YES;
				DEVELOPMENT_TEAM = 783T66X79Y;
				INFOPLIST_FILE = Tests/RxDataSourcesTests/Info.plist;
				IPHONEOS_DEPLOYMENT_TARGET = 9.0;
				LD_RUNPATH_SEARCH_PATHS = "$(inherited) @executable_path/Frameworks @loader_path/Frameworks";
				PRODUCT_BUNDLE_IDENTIFIER = io.rx.Tests;
				PRODUCT_NAME = "$(TARGET_NAME)";
				SWIFT_OPTIMIZATION_LEVEL = "-Owholemodule";
			};
			name = Release;
		};
		C82C3C5E1F3B937500309AE8 /* Debug */ = {
			isa = XCBuildConfiguration;
			buildSettings = {
				CLANG_ANALYZER_NONNULL = YES;
				CLANG_ANALYZER_NUMBER_OBJECT_CONVERSION = YES_AGGRESSIVE;
				CLANG_WARN_DOCUMENTATION_COMMENTS = YES;
				CODE_SIGN_IDENTITY = "";
				DEFINES_MODULE = YES;
				DYLIB_COMPATIBILITY_VERSION = 1;
				DYLIB_CURRENT_VERSION = 1;
				DYLIB_INSTALL_NAME_BASE = "@rpath";
				INFOPLIST_FILE = Sources/Differentiator/Info.plist;
				INSTALL_PATH = "$(LOCAL_LIBRARY_DIR)/Frameworks";
				LD_RUNPATH_SEARCH_PATHS = "$(inherited) @executable_path/Frameworks @loader_path/Frameworks";
				PRODUCT_BUNDLE_IDENTIFIER = org.rxswiftcommunity.Differentiator;
				PRODUCT_NAME = "$(TARGET_NAME)";
				SKIP_INSTALL = YES;
				SUPPORTED_PLATFORMS = "iphoneos iphonesimulator appletvos appletvsimulator watchos watchsimulator";
				SWIFT_ACTIVE_COMPILATION_CONDITIONS = DEBUG;
			};
			name = Debug;
		};
		C82C3C5F1F3B937500309AE8 /* Release */ = {
			isa = XCBuildConfiguration;
			buildSettings = {
				CLANG_ANALYZER_NONNULL = YES;
				CLANG_ANALYZER_NUMBER_OBJECT_CONVERSION = YES_AGGRESSIVE;
				CLANG_WARN_DOCUMENTATION_COMMENTS = YES;
				CODE_SIGN_IDENTITY = "";
				DEFINES_MODULE = YES;
				DYLIB_COMPATIBILITY_VERSION = 1;
				DYLIB_CURRENT_VERSION = 1;
				DYLIB_INSTALL_NAME_BASE = "@rpath";
				INFOPLIST_FILE = Sources/Differentiator/Info.plist;
				INSTALL_PATH = "$(LOCAL_LIBRARY_DIR)/Frameworks";
				LD_RUNPATH_SEARCH_PATHS = "$(inherited) @executable_path/Frameworks @loader_path/Frameworks";
				PRODUCT_BUNDLE_IDENTIFIER = org.rxswiftcommunity.Differentiator;
				PRODUCT_NAME = "$(TARGET_NAME)";
				SKIP_INSTALL = YES;
				SUPPORTED_PLATFORMS = "iphoneos iphonesimulator appletvos appletvsimulator watchos watchsimulator";
				SWIFT_OPTIMIZATION_LEVEL = "-Owholemodule";
			};
			name = Release;
		};
		C87C345E1F36352600DB85FE /* Debug */ = {
			isa = XCBuildConfiguration;
			buildSettings = {
				CLANG_ANALYZER_NONNULL = YES;
				CLANG_ANALYZER_NUMBER_OBJECT_CONVERSION = YES_AGGRESSIVE;
				CLANG_WARN_DOCUMENTATION_COMMENTS = YES;
				DEBUGGING_SYMBOLS = YES;
				DEBUG_INFORMATION_FORMAT = dwarf;
				DEVELOPMENT_TEAM = 783T66X79Y;
				GCC_GENERATE_DEBUGGING_SYMBOLS = YES;
				GCC_OPTIMIZATION_LEVEL = 0;
				OTHER_CFLAGS = "";
				OTHER_LDFLAGS = "";
				PRODUCT_NAME = "$(TARGET_NAME)";
			};
			name = Debug;
		};
		C87C345F1F36352600DB85FE /* Release */ = {
			isa = XCBuildConfiguration;
			buildSettings = {
				CLANG_ANALYZER_NONNULL = YES;
				CLANG_ANALYZER_NUMBER_OBJECT_CONVERSION = YES_AGGRESSIVE;
				CLANG_WARN_DOCUMENTATION_COMMENTS = YES;
				DEBUG_INFORMATION_FORMAT = "dwarf-with-dsym";
				DEVELOPMENT_TEAM = 783T66X79Y;
				OTHER_CFLAGS = "";
				OTHER_LDFLAGS = "";
				PRODUCT_NAME = "$(TARGET_NAME)";
			};
			name = Release;
		};
		C8984C601C36AF35001E4272 /* Debug */ = {
			isa = XCBuildConfiguration;
			buildSettings = {
				ALWAYS_SEARCH_USER_PATHS = NO;
				CLANG_CXX_LANGUAGE_STANDARD = "gnu++0x";
				CLANG_CXX_LIBRARY = "libc++";
				CLANG_ENABLE_MODULES = YES;
				CLANG_ENABLE_OBJC_ARC = YES;
				CLANG_WARN_BLOCK_CAPTURE_AUTORELEASING = YES;
				CLANG_WARN_BOOL_CONVERSION = YES;
				CLANG_WARN_COMMA = YES;
				CLANG_WARN_CONSTANT_CONVERSION = YES;
				CLANG_WARN_DIRECT_OBJC_ISA_USAGE = YES_ERROR;
				CLANG_WARN_EMPTY_BODY = YES;
				CLANG_WARN_ENUM_CONVERSION = YES;
				CLANG_WARN_INFINITE_RECURSION = YES;
				CLANG_WARN_INT_CONVERSION = YES;
				CLANG_WARN_NON_LITERAL_NULL_CONVERSION = YES;
				CLANG_WARN_OBJC_LITERAL_CONVERSION = YES;
				CLANG_WARN_OBJC_ROOT_CLASS = YES_ERROR;
				CLANG_WARN_RANGE_LOOP_ANALYSIS = YES;
				CLANG_WARN_STRICT_PROTOTYPES = YES;
				CLANG_WARN_SUSPICIOUS_MOVE = YES;
				CLANG_WARN_UNREACHABLE_CODE = YES;
				CLANG_WARN__DUPLICATE_METHOD_MATCH = YES;
				"CODE_SIGN_IDENTITY[sdk=iphoneos*]" = "iPhone Developer";
				COPY_PHASE_STRIP = NO;
				CURRENT_PROJECT_VERSION = 1;
				DEBUG_INFORMATION_FORMAT = dwarf;
				ENABLE_STRICT_OBJC_MSGSEND = YES;
				ENABLE_TESTABILITY = YES;
				GCC_C_LANGUAGE_STANDARD = gnu99;
				GCC_DYNAMIC_NO_PIC = NO;
				GCC_NO_COMMON_BLOCKS = YES;
				GCC_OPTIMIZATION_LEVEL = 0;
				GCC_PREPROCESSOR_DEFINITIONS = (
					"DEBUG=1",
					"$(inherited)",
				);
				GCC_WARN_64_TO_32_BIT_CONVERSION = YES;
				GCC_WARN_ABOUT_RETURN_TYPE = YES_ERROR;
				GCC_WARN_UNDECLARED_SELECTOR = YES;
				GCC_WARN_UNINITIALIZED_AUTOS = YES_AGGRESSIVE;
				GCC_WARN_UNUSED_FUNCTION = YES;
				GCC_WARN_UNUSED_VARIABLE = YES;
				IPHONEOS_DEPLOYMENT_TARGET = 8.0;
				MACOSX_DEPLOYMENT_TARGET = 10.10;
				MTL_ENABLE_DEBUG_INFO = YES;
				ONLY_ACTIVE_ARCH = YES;
				OTHER_SWIFT_FLAGS = "-D DEBUG";
				SDKROOT = iphoneos;
				SWIFT_OPTIMIZATION_LEVEL = "-Onone";
				SWIFT_VERSION = 4.0;
				TARGETED_DEVICE_FAMILY = "1,2,3,4";
				TVOS_DEPLOYMENT_TARGET = 9.0;
				VERSIONING_SYSTEM = "apple-generic";
				VERSION_INFO_PREFIX = "";
				WATCHOS_DEPLOYMENT_TARGET = 2.0;
			};
			name = Debug;
		};
		C8984C611C36AF35001E4272 /* Release */ = {
			isa = XCBuildConfiguration;
			buildSettings = {
				ALWAYS_SEARCH_USER_PATHS = NO;
				CLANG_CXX_LANGUAGE_STANDARD = "gnu++0x";
				CLANG_CXX_LIBRARY = "libc++";
				CLANG_ENABLE_MODULES = YES;
				CLANG_ENABLE_OBJC_ARC = YES;
				CLANG_WARN_BLOCK_CAPTURE_AUTORELEASING = YES;
				CLANG_WARN_BOOL_CONVERSION = YES;
				CLANG_WARN_COMMA = YES;
				CLANG_WARN_CONSTANT_CONVERSION = YES;
				CLANG_WARN_DIRECT_OBJC_ISA_USAGE = YES_ERROR;
				CLANG_WARN_EMPTY_BODY = YES;
				CLANG_WARN_ENUM_CONVERSION = YES;
				CLANG_WARN_INFINITE_RECURSION = YES;
				CLANG_WARN_INT_CONVERSION = YES;
				CLANG_WARN_NON_LITERAL_NULL_CONVERSION = YES;
				CLANG_WARN_OBJC_LITERAL_CONVERSION = YES;
				CLANG_WARN_OBJC_ROOT_CLASS = YES_ERROR;
				CLANG_WARN_RANGE_LOOP_ANALYSIS = YES;
				CLANG_WARN_STRICT_PROTOTYPES = YES;
				CLANG_WARN_SUSPICIOUS_MOVE = YES;
				CLANG_WARN_UNREACHABLE_CODE = YES;
				CLANG_WARN__DUPLICATE_METHOD_MATCH = YES;
				"CODE_SIGN_IDENTITY[sdk=iphoneos*]" = "iPhone Developer";
				COPY_PHASE_STRIP = NO;
				CURRENT_PROJECT_VERSION = 1;
				DEBUG_INFORMATION_FORMAT = "dwarf-with-dsym";
				ENABLE_NS_ASSERTIONS = NO;
				ENABLE_STRICT_OBJC_MSGSEND = YES;
				GCC_C_LANGUAGE_STANDARD = gnu99;
				GCC_NO_COMMON_BLOCKS = YES;
				GCC_WARN_64_TO_32_BIT_CONVERSION = YES;
				GCC_WARN_ABOUT_RETURN_TYPE = YES_ERROR;
				GCC_WARN_UNDECLARED_SELECTOR = YES;
				GCC_WARN_UNINITIALIZED_AUTOS = YES_AGGRESSIVE;
				GCC_WARN_UNUSED_FUNCTION = YES;
				GCC_WARN_UNUSED_VARIABLE = YES;
				IPHONEOS_DEPLOYMENT_TARGET = 8.0;
				MACOSX_DEPLOYMENT_TARGET = 10.10;
				MTL_ENABLE_DEBUG_INFO = NO;
				OTHER_SWIFT_FLAGS = "";
				SDKROOT = iphoneos;
				SWIFT_OPTIMIZATION_LEVEL = "-Owholemodule";
				SWIFT_VERSION = 4.0;
				TARGETED_DEVICE_FAMILY = "1,2,3,4";
				TVOS_DEPLOYMENT_TARGET = 9.0;
				VALIDATE_PRODUCT = YES;
				VERSIONING_SYSTEM = "apple-generic";
				VERSION_INFO_PREFIX = "";
				WATCHOS_DEPLOYMENT_TARGET = 2.0;
			};
			name = Release;
		};
		C8984C631C36AF35001E4272 /* Debug */ = {
			isa = XCBuildConfiguration;
			buildSettings = {
				APPLICATION_EXTENSION_API_ONLY = YES;
				"CODE_SIGN_IDENTITY[sdk=iphoneos*]" = "";
				DEFINES_MODULE = YES;
				DYLIB_COMPATIBILITY_VERSION = 1;
				DYLIB_CURRENT_VERSION = 1;
				DYLIB_INSTALL_NAME_BASE = "@rpath";
				FRAMEWORK_SEARCH_PATHS = (
					"$(inherited)",
					"$(PROJECT_DIR)/Carthage/Build/iOS",
				);
				INFOPLIST_FILE = Sources/RxDataSources/Info.plist;
				INSTALL_PATH = "$(LOCAL_LIBRARY_DIR)/Frameworks";
				LD_RUNPATH_SEARCH_PATHS = "$(inherited) @executable_path/Frameworks @loader_path/Frameworks";
				PRODUCT_BUNDLE_IDENTIFIER = kzaher.RxDataSources;
				PRODUCT_NAME = RxDataSources;
				SKIP_INSTALL = YES;
				SUPPORTED_PLATFORMS = "iphonesimulator iphoneos appletvos appletvsimulator";
			};
			name = Debug;
		};
		C8984C641C36AF35001E4272 /* Release */ = {
			isa = XCBuildConfiguration;
			buildSettings = {
				APPLICATION_EXTENSION_API_ONLY = YES;
				"CODE_SIGN_IDENTITY[sdk=iphoneos*]" = "";
				DEFINES_MODULE = YES;
				DYLIB_COMPATIBILITY_VERSION = 1;
				DYLIB_CURRENT_VERSION = 1;
				DYLIB_INSTALL_NAME_BASE = "@rpath";
				FRAMEWORK_SEARCH_PATHS = (
					"$(inherited)",
					"$(PROJECT_DIR)/Carthage/Build/iOS",
				);
				INFOPLIST_FILE = Sources/RxDataSources/Info.plist;
				INSTALL_PATH = "$(LOCAL_LIBRARY_DIR)/Frameworks";
				LD_RUNPATH_SEARCH_PATHS = "$(inherited) @executable_path/Frameworks @loader_path/Frameworks";
				PRODUCT_BUNDLE_IDENTIFIER = kzaher.RxDataSources;
				PRODUCT_NAME = RxDataSources;
				SKIP_INSTALL = YES;
				SUPPORTED_PLATFORMS = "iphonesimulator iphoneos appletvos appletvsimulator";
				SWIFT_OPTIMIZATION_LEVEL = "-Owholemodule";
			};
			name = Release;
		};
		C8984CAB1C36B6FA001E4272 /* Debug */ = {
			isa = XCBuildConfiguration;
			buildSettings = {
				ALWAYS_EMBED_SWIFT_STANDARD_LIBRARIES = YES;
				ASSETCATALOG_COMPILER_APPICON_NAME = AppIcon;
				FRAMEWORK_SEARCH_PATHS = (
					"$(inherited)",
					"$(PROJECT_DIR)/build/Debug-iphoneos",
					"$(PROJECT_DIR)/Carthage/Build/iOS",
				);
				INFOPLIST_FILE = Example/Info.plist;
				IPHONEOS_DEPLOYMENT_TARGET = 9.0;
				LD_RUNPATH_SEARCH_PATHS = "$(inherited) @executable_path/Frameworks";
				PRODUCT_BUNDLE_IDENTIFIER = kzaher.Example;
				PRODUCT_NAME = "$(TARGET_NAME)";
				TARGETED_DEVICE_FAMILY = "1,2";
			};
			name = Debug;
		};
		C8984CAC1C36B6FA001E4272 /* Release */ = {
			isa = XCBuildConfiguration;
			buildSettings = {
				ALWAYS_EMBED_SWIFT_STANDARD_LIBRARIES = YES;
				ASSETCATALOG_COMPILER_APPICON_NAME = AppIcon;
				FRAMEWORK_SEARCH_PATHS = (
					"$(inherited)",
					"$(PROJECT_DIR)/build/Debug-iphoneos",
					"$(PROJECT_DIR)/Carthage/Build/iOS",
				);
				INFOPLIST_FILE = Example/Info.plist;
				IPHONEOS_DEPLOYMENT_TARGET = 9.0;
				LD_RUNPATH_SEARCH_PATHS = "$(inherited) @executable_path/Frameworks";
				PRODUCT_BUNDLE_IDENTIFIER = kzaher.Example;
				PRODUCT_NAME = "$(TARGET_NAME)";
				SWIFT_OPTIMIZATION_LEVEL = "-Owholemodule";
				TARGETED_DEVICE_FAMILY = "1,2";
			};
			name = Release;
		};
		C8984CB91C36B723001E4272 /* Debug */ = {
			isa = XCBuildConfiguration;
			buildSettings = {
				INFOPLIST_FILE = ExampleUITests/Info.plist;
				IPHONEOS_DEPLOYMENT_TARGET = 9.0;
				LD_RUNPATH_SEARCH_PATHS = "$(inherited) @executable_path/Frameworks @loader_path/Frameworks";
				PRODUCT_BUNDLE_IDENTIFIER = kzaher.ExampleUITests;
				PRODUCT_NAME = "$(TARGET_NAME)";
				TEST_TARGET_NAME = Example;
				USES_XCTRUNNER = YES;
			};
			name = Debug;
		};
		C8984CBA1C36B723001E4272 /* Release */ = {
			isa = XCBuildConfiguration;
			buildSettings = {
				INFOPLIST_FILE = ExampleUITests/Info.plist;
				IPHONEOS_DEPLOYMENT_TARGET = 9.0;
				LD_RUNPATH_SEARCH_PATHS = "$(inherited) @executable_path/Frameworks @loader_path/Frameworks";
				PRODUCT_BUNDLE_IDENTIFIER = kzaher.ExampleUITests;
				PRODUCT_NAME = "$(TARGET_NAME)";
				SWIFT_OPTIMIZATION_LEVEL = "-Owholemodule";
				TEST_TARGET_NAME = Example;
				USES_XCTRUNNER = YES;
			};
			name = Release;
		};
/* End XCBuildConfiguration section */

/* Begin XCConfigurationList section */
		C81905B81DEA019100AE679C /* Build configuration list for PBXNativeTarget "Tests" */ = {
			isa = XCConfigurationList;
			buildConfigurations = (
				C81905B61DEA019100AE679C /* Debug */,
				C81905B71DEA019100AE679C /* Release */,
			);
			defaultConfigurationIsVisible = 0;
			defaultConfigurationName = Release;
		};
		C82C3C5D1F3B937500309AE8 /* Build configuration list for PBXNativeTarget "Differentiator" */ = {
			isa = XCConfigurationList;
			buildConfigurations = (
				C82C3C5E1F3B937500309AE8 /* Debug */,
				C82C3C5F1F3B937500309AE8 /* Release */,
			);
			defaultConfigurationIsVisible = 0;
			defaultConfigurationName = Release;
		};
		C87C345D1F36352600DB85FE /* Build configuration list for PBXLegacyTarget "Dependencies" */ = {
			isa = XCConfigurationList;
			buildConfigurations = (
				C87C345E1F36352600DB85FE /* Debug */,
				C87C345F1F36352600DB85FE /* Release */,
			);
			defaultConfigurationIsVisible = 0;
			defaultConfigurationName = Release;
		};
		C8984C541C36AF35001E4272 /* Build configuration list for PBXProject "RxDataSources" */ = {
			isa = XCConfigurationList;
			buildConfigurations = (
				C8984C601C36AF35001E4272 /* Debug */,
				C8984C611C36AF35001E4272 /* Release */,
			);
			defaultConfigurationIsVisible = 0;
			defaultConfigurationName = Release;
		};
		C8984C621C36AF35001E4272 /* Build configuration list for PBXNativeTarget "RxDataSources" */ = {
			isa = XCConfigurationList;
			buildConfigurations = (
				C8984C631C36AF35001E4272 /* Debug */,
				C8984C641C36AF35001E4272 /* Release */,
			);
			defaultConfigurationIsVisible = 0;
			defaultConfigurationName = Release;
		};
		C8984CAA1C36B6FA001E4272 /* Build configuration list for PBXNativeTarget "Example" */ = {
			isa = XCConfigurationList;
			buildConfigurations = (
				C8984CAB1C36B6FA001E4272 /* Debug */,
				C8984CAC1C36B6FA001E4272 /* Release */,
			);
			defaultConfigurationIsVisible = 0;
			defaultConfigurationName = Release;
		};
		C8984CB81C36B723001E4272 /* Build configuration list for PBXNativeTarget "ExampleUITests" */ = {
			isa = XCConfigurationList;
			buildConfigurations = (
				C8984CB91C36B723001E4272 /* Debug */,
				C8984CBA1C36B723001E4272 /* Release */,
			);
			defaultConfigurationIsVisible = 0;
			defaultConfigurationName = Release;
		};
/* End XCConfigurationList section */
	};
	rootObject = C8984C511C36AF35001E4272 /* Project object */;
}
